// !$*UTF8*$!
{
	archiveVersion = 1;
	classes = {
	};
	objectVersion = 46;
	objects = {

/* Begin PBXBuildFile section */
		4C058B89188E4CC50053A295 /* ETMatchViewController.m in Sources */ = {isa = PBXBuildFile; fileRef = 4C058B88188E4CC50053A295 /* ETMatchViewController.m */; };
		4C058B8D188E4EBB0053A295 /* ETMatchesViewController.m in Sources */ = {isa = PBXBuildFile; fileRef = 4C058B8C188E4EBB0053A295 /* ETMatchesViewController.m */; };
		4C058B91188F9EFF0053A295 /* ETChatViewController.m in Sources */ = {isa = PBXBuildFile; fileRef = 4C058B90188F9EFF0053A295 /* ETChatViewController.m */; };
		4C058BEE1894BB330053A295 /* timer.png in Resources */ = {isa = PBXBuildFile; fileRef = 4C058BED1894BB330053A295 /* timer.png */; };
		4C13A572188B958900059687 /* ETTestUser.m in Sources */ = {isa = PBXBuildFile; fileRef = 4C13A571188B958900059687 /* ETTestUser.m */; };
		4C13A578188C2E3600059687 /* cat.jpeg in Resources */ = {isa = PBXBuildFile; fileRef = 4C13A575188C2E3600059687 /* cat.jpeg */; };
		4C13A579188C2E3600059687 /* cat2.jpeg in Resources */ = {isa = PBXBuildFile; fileRef = 4C13A576188C2E3600059687 /* cat2.jpeg */; };
		4C13A57A188C2E3600059687 /* cat3.jpg in Resources */ = {isa = PBXBuildFile; fileRef = 4C13A577188C2E3600059687 /* cat3.jpg */; };
		4C52AE5D187D17EC004C6737 /* ETFBConstants.m in Sources */ = {isa = PBXBuildFile; fileRef = 4C52AE5C187D17EC004C6737 /* ETFBConstants.m */; };
		4C52AE61187E70E6004C6737 /* ETHomeViewController.m in Sources */ = {isa = PBXBuildFile; fileRef = 4C52AE60187E70E6004C6737 /* ETHomeViewController.m */; };
		4C52AE65187E75BF004C6737 /* ETSettingsViewController.m in Sources */ = {isa = PBXBuildFile; fileRef = 4C52AE64187E75BF004C6737 /* ETSettingsViewController.m */; };
		4C52AE69187E795C004C6737 /* ETEditProfileViewController.m in Sources */ = {isa = PBXBuildFile; fileRef = 4C52AE68187E795C004C6737 /* ETEditProfileViewController.m */; };
		4C52AE6D1880E341004C6737 /* ETProfileViewController.m in Sources */ = {isa = PBXBuildFile; fileRef = 4C52AE6C1880E341004C6737 /* ETProfileViewController.m */; };
		4C5E72FF18ADE4FE004E5581 /* ETTransitionAnimator.m in Sources */ = {isa = PBXBuildFile; fileRef = 4C5E72FE18ADE4FE004E5581 /* ETTransitionAnimator.m */; };
		4C6163D618A731EA0032D2EA /* defaultPrefsFile.plist in Resources */ = {isa = PBXBuildFile; fileRef = 4C6163D518A731EA0032D2EA /* defaultPrefsFile.plist */; };
		4C61647B18A73B970032D2EA /* BG.png in Resources */ = {isa = PBXBuildFile; fileRef = 4C6163DA18A73B960032D2EA /* BG.png */; };
		4C61647C18A73B970032D2EA /* BG@2x.png in Resources */ = {isa = PBXBuildFile; fileRef = 4C6163DB18A73B960032D2EA /* BG@2x.png */; };
		4C61647D18A73B970032D2EA /* BG.png in Resources */ = {isa = PBXBuildFile; fileRef = 4C6163DC18A73B960032D2EA /* BG.png */; };
		4C61647E18A73B970032D2EA /* BG@2x.png in Resources */ = {isa = PBXBuildFile; fileRef = 4C6163DD18A73B960032D2EA /* BG@2x.png */; };
		4C61647F18A73B970032D2EA /* Facebook.png in Resources */ = {isa = PBXBuildFile; fileRef = 4C6163DF18A73B960032D2EA /* Facebook.png */; };
		4C61648018A73B970032D2EA /* Facebook@2x.png in Resources */ = {isa = PBXBuildFile; fileRef = 4C6163E018A73B960032D2EA /* Facebook@2x.png */; };
		4C61648118A73B970032D2EA /* Logo.png in Resources */ = {isa = PBXBuildFile; fileRef = 4C6163E118A73B960032D2EA /* Logo.png */; };
		4C61648218A73B970032D2EA /* Logo@2x.png in Resources */ = {isa = PBXBuildFile; fileRef = 4C6163E218A73B960032D2EA /* Logo@2x.png */; };
		4C61648318A73B970032D2EA /* BG.png in Resources */ = {isa = PBXBuildFile; fileRef = 4C6163E418A73B960032D2EA /* BG.png */; };
		4C61648418A73B970032D2EA /* BG@2x.png in Resources */ = {isa = PBXBuildFile; fileRef = 4C6163E518A73B960032D2EA /* BG@2x.png */; };
		4C61648518A73B970032D2EA /* ChatIcon.png in Resources */ = {isa = PBXBuildFile; fileRef = 4C6163E618A73B960032D2EA /* ChatIcon.png */; };
		4C61648618A73B970032D2EA /* ChatIcon@2x.png in Resources */ = {isa = PBXBuildFile; fileRef = 4C6163E718A73B960032D2EA /* ChatIcon@2x.png */; };
		4C61648718A73B970032D2EA /* DislikeIcon.png in Resources */ = {isa = PBXBuildFile; fileRef = 4C6163E818A73B960032D2EA /* DislikeIcon.png */; };
		4C61648818A73B970032D2EA /* DislikeIcon@2x.png in Resources */ = {isa = PBXBuildFile; fileRef = 4C6163E918A73B960032D2EA /* DislikeIcon@2x.png */; };
		4C61648918A73B970032D2EA /* InfoIcon.png in Resources */ = {isa = PBXBuildFile; fileRef = 4C6163EA18A73B960032D2EA /* InfoIcon.png */; };
		4C61648A18A73B970032D2EA /* InfoIcon@2x.png in Resources */ = {isa = PBXBuildFile; fileRef = 4C6163EB18A73B960032D2EA /* InfoIcon@2x.png */; };
		4C61648B18A73B970032D2EA /* LikeIcon.png in Resources */ = {isa = PBXBuildFile; fileRef = 4C6163EC18A73B960032D2EA /* LikeIcon.png */; };
		4C61648C18A73B970032D2EA /* LikeIcon@2x.png in Resources */ = {isa = PBXBuildFile; fileRef = 4C6163ED18A73B960032D2EA /* LikeIcon@2x.png */; };
		4C61648D18A73B970032D2EA /* Matched-Up.png in Resources */ = {isa = PBXBuildFile; fileRef = 4C6163EE18A73B960032D2EA /* Matched-Up.png */; };
		4C61648E18A73B970032D2EA /* Matched-Up@2x.png in Resources */ = {isa = PBXBuildFile; fileRef = 4C6163EF18A73B960032D2EA /* Matched-Up@2x.png */; };
		4C61648F18A73B970032D2EA /* SettingIcon.png in Resources */ = {isa = PBXBuildFile; fileRef = 4C6163F018A73B960032D2EA /* SettingIcon.png */; };
		4C61649018A73B970032D2EA /* SettingIcon@2x.png in Resources */ = {isa = PBXBuildFile; fileRef = 4C6163F118A73B960032D2EA /* SettingIcon@2x.png */; };
		4C61649118A73B970032D2EA /* Top_NavBG.png in Resources */ = {isa = PBXBuildFile; fileRef = 4C6163F218A73B960032D2EA /* Top_NavBG.png */; };
		4C61649218A73B970032D2EA /* Top_NavBG@2x.png in Resources */ = {isa = PBXBuildFile; fileRef = 4C6163F318A73B960032D2EA /* Top_NavBG@2x.png */; };
		4C61649318A73B970032D2EA /* User_Image.png in Resources */ = {isa = PBXBuildFile; fileRef = 4C6163F418A73B960032D2EA /* User_Image.png */; };
		4C61649418A73B970032D2EA /* User_Image@2x.png in Resources */ = {isa = PBXBuildFile; fileRef = 4C6163F518A73B960032D2EA /* User_Image@2x.png */; };
		4C61649518A73B970032D2EA /* VP_BG.png in Resources */ = {isa = PBXBuildFile; fileRef = 4C6163F618A73B960032D2EA /* VP_BG.png */; };
		4C61649618A73B970032D2EA /* VP_BG@2x.png in Resources */ = {isa = PBXBuildFile; fileRef = 4C6163F718A73B960032D2EA /* VP_BG@2x.png */; };
		4C61649718A73B970032D2EA /* About_BG.png in Resources */ = {isa = PBXBuildFile; fileRef = 4C6163F918A73B960032D2EA /* About_BG.png */; };
		4C61649818A73B970032D2EA /* About_BG@2x.png in Resources */ = {isa = PBXBuildFile; fileRef = 4C6163FA18A73B960032D2EA /* About_BG@2x.png */; };
		4C61649918A73B970032D2EA /* AgeIcon.png in Resources */ = {isa = PBXBuildFile; fileRef = 4C6163FB18A73B960032D2EA /* AgeIcon.png */; };
		4C61649A18A73B970032D2EA /* AgeIcon@2x.png in Resources */ = {isa = PBXBuildFile; fileRef = 4C6163FC18A73B960032D2EA /* AgeIcon@2x.png */; };
		4C61649B18A73B970032D2EA /* BG.png in Resources */ = {isa = PBXBuildFile; fileRef = 4C6163FD18A73B960032D2EA /* BG.png */; };
		4C61649C18A73B970032D2EA /* BG@2x.png in Resources */ = {isa = PBXBuildFile; fileRef = 4C6163FE18A73B960032D2EA /* BG@2x.png */; };
		4C61649D18A73B970032D2EA /* ChatIcon.png in Resources */ = {isa = PBXBuildFile; fileRef = 4C6163FF18A73B960032D2EA /* ChatIcon.png */; };
		4C61649E18A73B970032D2EA /* ChatIcon@2x.png in Resources */ = {isa = PBXBuildFile; fileRef = 4C61640018A73B960032D2EA /* ChatIcon@2x.png */; };
		4C61649F18A73B970032D2EA /* DislikeIcon.png in Resources */ = {isa = PBXBuildFile; fileRef = 4C61640118A73B960032D2EA /* DislikeIcon.png */; };
		4C6164A018A73B970032D2EA /* DislikeIcon@2x.png in Resources */ = {isa = PBXBuildFile; fileRef = 4C61640218A73B960032D2EA /* DislikeIcon@2x.png */; };
		4C6164A118A73B970032D2EA /* InfoIcon.png in Resources */ = {isa = PBXBuildFile; fileRef = 4C61640318A73B960032D2EA /* InfoIcon.png */; };
		4C6164A218A73B970032D2EA /* InfoIcon@2x.png in Resources */ = {isa = PBXBuildFile; fileRef = 4C61640418A73B960032D2EA /* InfoIcon@2x.png */; };
		4C6164A318A73B970032D2EA /* LikeIcon.png in Resources */ = {isa = PBXBuildFile; fileRef = 4C61640518A73B960032D2EA /* LikeIcon.png */; };
		4C6164A418A73B970032D2EA /* LikeIcon@2x.png in Resources */ = {isa = PBXBuildFile; fileRef = 4C61640618A73B960032D2EA /* LikeIcon@2x.png */; };
		4C6164A518A73B970032D2EA /* location.png in Resources */ = {isa = PBXBuildFile; fileRef = 4C61640718A73B960032D2EA /* location.png */; };
		4C6164A618A73B970032D2EA /* location@2x.png in Resources */ = {isa = PBXBuildFile; fileRef = 4C61640818A73B960032D2EA /* location@2x.png */; };
		4C6164A718A73B970032D2EA /* NameAgeStatusBar.png in Resources */ = {isa = PBXBuildFile; fileRef = 4C61640918A73B960032D2EA /* NameAgeStatusBar.png */; };
		4C6164A818A73B970032D2EA /* NameAgeStatusBar@2x.png in Resources */ = {isa = PBXBuildFile; fileRef = 4C61640A18A73B960032D2EA /* NameAgeStatusBar@2x.png */; };
		4C6164A918A73B970032D2EA /* SettingIcon.png in Resources */ = {isa = PBXBuildFile; fileRef = 4C61640B18A73B960032D2EA /* SettingIcon.png */; };
		4C6164AA18A73B970032D2EA /* SettingIcon@2x.png in Resources */ = {isa = PBXBuildFile; fileRef = 4C61640C18A73B960032D2EA /* SettingIcon@2x.png */; };
		4C6164AB18A73B970032D2EA /* Single.png in Resources */ = {isa = PBXBuildFile; fileRef = 4C61640D18A73B960032D2EA /* Single.png */; };
		4C6164AC18A73B970032D2EA /* Single@2x.png in Resources */ = {isa = PBXBuildFile; fileRef = 4C61640E18A73B960032D2EA /* Single@2x.png */; };
		4C6164AD18A73B970032D2EA /* StatusIcon.png in Resources */ = {isa = PBXBuildFile; fileRef = 4C61640F18A73B960032D2EA /* StatusIcon.png */; };
		4C6164AE18A73B970032D2EA /* StatusIcon@2x.png in Resources */ = {isa = PBXBuildFile; fileRef = 4C61641018A73B960032D2EA /* StatusIcon@2x.png */; };
		4C6164AF18A73B970032D2EA /* UserImage.png in Resources */ = {isa = PBXBuildFile; fileRef = 4C61641118A73B960032D2EA /* UserImage.png */; };
		4C6164B018A73B970032D2EA /* UserImage@2x.png in Resources */ = {isa = PBXBuildFile; fileRef = 4C61641218A73B960032D2EA /* UserImage@2x.png */; };
		4C6164B118A73B970032D2EA /* VP_BG.png in Resources */ = {isa = PBXBuildFile; fileRef = 4C61641318A73B960032D2EA /* VP_BG.png */; };
		4C6164B218A73B970032D2EA /* VP_BG@2x.png in Resources */ = {isa = PBXBuildFile; fileRef = 4C61641418A73B960032D2EA /* VP_BG@2x.png */; };
		4C6164B318A73B970032D2EA /* back-icon.png in Resources */ = {isa = PBXBuildFile; fileRef = 4C61641618A73B960032D2EA /* back-icon.png */; };
		4C6164B418A73B970032D2EA /* back-icon@2x.png in Resources */ = {isa = PBXBuildFile; fileRef = 4C61641718A73B960032D2EA /* back-icon@2x.png */; };
		4C6164B518A73B970032D2EA /* BG.png in Resources */ = {isa = PBXBuildFile; fileRef = 4C61641818A73B960032D2EA /* BG.png */; };
		4C6164B618A73B970032D2EA /* BG@2x.png in Resources */ = {isa = PBXBuildFile; fileRef = 4C61641918A73B960032D2EA /* BG@2x.png */; };
		4C6164B718A73B970032D2EA /* Chat_user.png in Resources */ = {isa = PBXBuildFile; fileRef = 4C61641A18A73B960032D2EA /* Chat_user.png */; };
		4C6164B818A73B970032D2EA /* Chat_user@2x.png in Resources */ = {isa = PBXBuildFile; fileRef = 4C61641B18A73B960032D2EA /* Chat_user@2x.png */; };
		4C6164B918A73B970032D2EA /* menu-icon.png in Resources */ = {isa = PBXBuildFile; fileRef = 4C61641C18A73B960032D2EA /* menu-icon.png */; };
		4C6164BA18A73B970032D2EA /* menu-icon@2x.png in Resources */ = {isa = PBXBuildFile; fileRef = 4C61641D18A73B960032D2EA /* menu-icon@2x.png */; };
		4C6164BB18A73B970032D2EA /* SettingIcon.png in Resources */ = {isa = PBXBuildFile; fileRef = 4C61641E18A73B960032D2EA /* SettingIcon.png */; };
		4C6164BC18A73B970032D2EA /* SettingIcon@2x.png in Resources */ = {isa = PBXBuildFile; fileRef = 4C61641F18A73B960032D2EA /* SettingIcon@2x.png */; };
		4C6164BD18A73B970032D2EA /* Top_NavBG.png in Resources */ = {isa = PBXBuildFile; fileRef = 4C61642018A73B970032D2EA /* Top_NavBG.png */; };
		4C6164BE18A73B970032D2EA /* Top_NavBG@2x.png in Resources */ = {isa = PBXBuildFile; fileRef = 4C61642118A73B970032D2EA /* Top_NavBG@2x.png */; };
		4C6164BF18A73B970032D2EA /* back-icon.png in Resources */ = {isa = PBXBuildFile; fileRef = 4C61642318A73B970032D2EA /* back-icon.png */; };
		4C6164C018A73B970032D2EA /* back-icon@2x.png in Resources */ = {isa = PBXBuildFile; fileRef = 4C61642418A73B970032D2EA /* back-icon@2x.png */; };
		4C6164C118A73B970032D2EA /* BG.png in Resources */ = {isa = PBXBuildFile; fileRef = 4C61642518A73B970032D2EA /* BG.png */; };
		4C6164C218A73B970032D2EA /* BG@2x.png in Resources */ = {isa = PBXBuildFile; fileRef = 4C61642618A73B970032D2EA /* BG@2x.png */; };
		4C6164C318A73B970032D2EA /* form.png in Resources */ = {isa = PBXBuildFile; fileRef = 4C61642718A73B970032D2EA /* form.png */; };
		4C6164C418A73B970032D2EA /* form@2x.png in Resources */ = {isa = PBXBuildFile; fileRef = 4C61642818A73B970032D2EA /* form@2x.png */; };
		4C6164C518A73B970032D2EA /* menu-icon.png in Resources */ = {isa = PBXBuildFile; fileRef = 4C61642918A73B970032D2EA /* menu-icon.png */; };
		4C6164C618A73B970032D2EA /* menu-icon@2x.png in Resources */ = {isa = PBXBuildFile; fileRef = 4C61642A18A73B970032D2EA /* menu-icon@2x.png */; };
		4C6164C718A73B970032D2EA /* Send_Bar_BG.png in Resources */ = {isa = PBXBuildFile; fileRef = 4C61642B18A73B970032D2EA /* Send_Bar_BG.png */; };
		4C6164C818A73B970032D2EA /* Send_Bar_BG@2x.png in Resources */ = {isa = PBXBuildFile; fileRef = 4C61642C18A73B970032D2EA /* Send_Bar_BG@2x.png */; };
		4C6164C918A73B970032D2EA /* SettingIcon.png in Resources */ = {isa = PBXBuildFile; fileRef = 4C61642D18A73B970032D2EA /* SettingIcon.png */; };
		4C6164CA18A73B970032D2EA /* SettingIcon@2x.png in Resources */ = {isa = PBXBuildFile; fileRef = 4C61642E18A73B970032D2EA /* SettingIcon@2x.png */; };
		4C6164CB18A73B970032D2EA /* Top_NavBG.png in Resources */ = {isa = PBXBuildFile; fileRef = 4C61642F18A73B970032D2EA /* Top_NavBG.png */; };
		4C6164CC18A73B970032D2EA /* Top_NavBG@2x.png in Resources */ = {isa = PBXBuildFile; fileRef = 4C61643018A73B970032D2EA /* Top_NavBG@2x.png */; };
		4C6164CD18A73B970032D2EA /* back-icon.png in Resources */ = {isa = PBXBuildFile; fileRef = 4C61643218A73B970032D2EA /* back-icon.png */; };
		4C6164CE18A73B970032D2EA /* back-icon@2x.png in Resources */ = {isa = PBXBuildFile; fileRef = 4C61643318A73B970032D2EA /* back-icon@2x.png */; };
		4C6164CF18A73B970032D2EA /* BG.png in Resources */ = {isa = PBXBuildFile; fileRef = 4C61643418A73B970032D2EA /* BG.png */; };
		4C6164D018A73B970032D2EA /* BG@2x.png in Resources */ = {isa = PBXBuildFile; fileRef = 4C61643518A73B970032D2EA /* BG@2x.png */; };
		4C6164D118A73B970032D2EA /* EditProfile.png in Resources */ = {isa = PBXBuildFile; fileRef = 4C61643618A73B970032D2EA /* EditProfile.png */; };
		4C6164D218A73B970032D2EA /* EditProfile@2x.png in Resources */ = {isa = PBXBuildFile; fileRef = 4C61643718A73B970032D2EA /* EditProfile@2x.png */; };
		4C6164D318A73B970032D2EA /* Logout.png in Resources */ = {isa = PBXBuildFile; fileRef = 4C61643818A73B970032D2EA /* Logout.png */; };
		4C6164D418A73B970032D2EA /* Logout@2x.png in Resources */ = {isa = PBXBuildFile; fileRef = 4C61643918A73B970032D2EA /* Logout@2x.png */; };
		4C6164D518A73B970032D2EA /* menu-icon.png in Resources */ = {isa = PBXBuildFile; fileRef = 4C61643A18A73B970032D2EA /* menu-icon.png */; };
		4C6164D618A73B970032D2EA /* menu-icon@2x.png in Resources */ = {isa = PBXBuildFile; fileRef = 4C61643B18A73B970032D2EA /* menu-icon@2x.png */; };
		4C6164D718A73B970032D2EA /* SettingIcon.png in Resources */ = {isa = PBXBuildFile; fileRef = 4C61643C18A73B970032D2EA /* SettingIcon.png */; };
		4C6164D818A73B970032D2EA /* SettingIcon@2x.png in Resources */ = {isa = PBXBuildFile; fileRef = 4C61643D18A73B970032D2EA /* SettingIcon@2x.png */; };
		4C6164D918A73B970032D2EA /* Top_NavBG.png in Resources */ = {isa = PBXBuildFile; fileRef = 4C61643E18A73B970032D2EA /* Top_NavBG.png */; };
		4C6164DA18A73B970032D2EA /* Top_NavBG@2x.png in Resources */ = {isa = PBXBuildFile; fileRef = 4C61643F18A73B970032D2EA /* Top_NavBG@2x.png */; };
		4C6164DB18A73B970032D2EA /* About_BG.png in Resources */ = {isa = PBXBuildFile; fileRef = 4C61644118A73B970032D2EA /* About_BG.png */; };
		4C6164DC18A73B970032D2EA /* About_BG@2x.png in Resources */ = {isa = PBXBuildFile; fileRef = 4C61644218A73B970032D2EA /* About_BG@2x.png */; };
		4C6164DD18A73B970032D2EA /* back-icon.png in Resources */ = {isa = PBXBuildFile; fileRef = 4C61644318A73B970032D2EA /* back-icon.png */; };
		4C6164DE18A73B970032D2EA /* back-icon@2x.png in Resources */ = {isa = PBXBuildFile; fileRef = 4C61644418A73B970032D2EA /* back-icon@2x.png */; };
		4C6164DF18A73B970032D2EA /* BG.png in Resources */ = {isa = PBXBuildFile; fileRef = 4C61644518A73B970032D2EA /* BG.png */; };
		4C6164E018A73B970032D2EA /* BG@2x.png in Resources */ = {isa = PBXBuildFile; fileRef = 4C61644618A73B970032D2EA /* BG@2x.png */; };
		4C6164E118A73B970032D2EA /* menu-icon.png in Resources */ = {isa = PBXBuildFile; fileRef = 4C61644718A73B970032D2EA /* menu-icon.png */; };
		4C6164E218A73B970032D2EA /* menu-icon@2x.png in Resources */ = {isa = PBXBuildFile; fileRef = 4C61644818A73B970032D2EA /* menu-icon@2x.png */; };
		4C6164E318A73B970032D2EA /* SettingIcon.png in Resources */ = {isa = PBXBuildFile; fileRef = 4C61644918A73B970032D2EA /* SettingIcon.png */; };
		4C6164E418A73B970032D2EA /* SettingIcon@2x.png in Resources */ = {isa = PBXBuildFile; fileRef = 4C61644A18A73B970032D2EA /* SettingIcon@2x.png */; };
		4C6164E518A73B970032D2EA /* Top_NavBG.png in Resources */ = {isa = PBXBuildFile; fileRef = 4C61644B18A73B970032D2EA /* Top_NavBG.png */; };
		4C6164E618A73B970032D2EA /* Top_NavBG@2x.png in Resources */ = {isa = PBXBuildFile; fileRef = 4C61644C18A73B970032D2EA /* Top_NavBG@2x.png */; };
		4C6164E718A73B970032D2EA /* UserImage.png in Resources */ = {isa = PBXBuildFile; fileRef = 4C61644D18A73B970032D2EA /* UserImage.png */; };
		4C6164E818A73B970032D2EA /* UserImage@2x.png in Resources */ = {isa = PBXBuildFile; fileRef = 4C61644E18A73B970032D2EA /* UserImage@2x.png */; };
		4C6164E918A73B970032D2EA /* ChatNow_Icon.png in Resources */ = {isa = PBXBuildFile; fileRef = 4C61645018A73B970032D2EA /* ChatNow_Icon.png */; };
		4C6164EA18A73B970032D2EA /* ChatNow_Icon@2x.png in Resources */ = {isa = PBXBuildFile; fileRef = 4C61645118A73B970032D2EA /* ChatNow_Icon@2x.png */; };
		4C6164EB18A73B970032D2EA /* Close-Button.png in Resources */ = {isa = PBXBuildFile; fileRef = 4C61645218A73B970032D2EA /* Close-Button.png */; };
		4C6164EC18A73B970032D2EA /* Close-Button@2x.png in Resources */ = {isa = PBXBuildFile; fileRef = 4C61645318A73B970032D2EA /* Close-Button@2x.png */; };
		4C6164ED18A73B970032D2EA /* back-icon.png in Resources */ = {isa = PBXBuildFile; fileRef = 4C61645518A73B970032D2EA /* back-icon.png */; };
		4C6164EE18A73B970032D2EA /* back-icon@2x.png in Resources */ = {isa = PBXBuildFile; fileRef = 4C61645618A73B970032D2EA /* back-icon@2x.png */; };
		4C6164EF18A73B970032D2EA /* ChatIcon.png in Resources */ = {isa = PBXBuildFile; fileRef = 4C61645718A73B970032D2EA /* ChatIcon.png */; };
		4C6164F018A73B970032D2EA /* ChatIcon@2x.png in Resources */ = {isa = PBXBuildFile; fileRef = 4C61645818A73B970032D2EA /* ChatIcon@2x.png */; };
		4C6164F118A73B970032D2EA /* SettingIcon.png in Resources */ = {isa = PBXBuildFile; fileRef = 4C61645918A73B970032D2EA /* SettingIcon.png */; };
		4C6164F218A73B970032D2EA /* SettingIcon@2x.png in Resources */ = {isa = PBXBuildFile; fileRef = 4C61645A18A73B970032D2EA /* SettingIcon@2x.png */; };
		4C6164F318A73B970032D2EA /* 1024_icon-1-01.png in Resources */ = {isa = PBXBuildFile; fileRef = 4C61645D18A73B970032D2EA /* 1024_icon-1-01.png */; };
		4C6164F418A73B970032D2EA /* Icon-72.png in Resources */ = {isa = PBXBuildFile; fileRef = 4C61645F18A73B970032D2EA /* Icon-72.png */; };
		4C6164F518A73B970032D2EA /* Icon-72@2x.png in Resources */ = {isa = PBXBuildFile; fileRef = 4C61646018A73B970032D2EA /* Icon-72@2x.png */; };
		4C6164F618A73B970032D2EA /* Icon-Small-50.png in Resources */ = {isa = PBXBuildFile; fileRef = 4C61646118A73B970032D2EA /* Icon-Small-50.png */; };
		4C6164F718A73B970032D2EA /* Icon-Small-50@2x.png in Resources */ = {isa = PBXBuildFile; fileRef = 4C61646218A73B970032D2EA /* Icon-Small-50@2x.png */; };
		4C6164F818A73B970032D2EA /* Icon-Small.png in Resources */ = {isa = PBXBuildFile; fileRef = 4C61646318A73B970032D2EA /* Icon-Small.png */; };
		4C6164F918A73B970032D2EA /* Icon-Small@2x.png in Resources */ = {isa = PBXBuildFile; fileRef = 4C61646418A73B970032D2EA /* Icon-Small@2x.png */; };
		4C6164FA18A73B970032D2EA /* Icon.png in Resources */ = {isa = PBXBuildFile; fileRef = 4C61646518A73B970032D2EA /* Icon.png */; };
		4C6164FB18A73B970032D2EA /* Icon@2x.png in Resources */ = {isa = PBXBuildFile; fileRef = 4C61646618A73B970032D2EA /* Icon@2x.png */; };
		4C6164FC18A73B970032D2EA /* iTunesArtwork.png in Resources */ = {isa = PBXBuildFile; fileRef = 4C61646718A73B970032D2EA /* iTunesArtwork.png */; };
		4C6164FD18A73B970032D2EA /* iTunesArtwork@2x.png in Resources */ = {isa = PBXBuildFile; fileRef = 4C61646818A73B970032D2EA /* iTunesArtwork@2x.png */; };
		4C6164FE18A73B970032D2EA /* Icon-40.png in Resources */ = {isa = PBXBuildFile; fileRef = 4C61646A18A73B970032D2EA /* Icon-40.png */; };
		4C6164FF18A73B970032D2EA /* Icon-40@2x.png in Resources */ = {isa = PBXBuildFile; fileRef = 4C61646B18A73B970032D2EA /* Icon-40@2x.png */; };
		4C61650018A73B970032D2EA /* Icon-60.png in Resources */ = {isa = PBXBuildFile; fileRef = 4C61646C18A73B970032D2EA /* Icon-60.png */; };
		4C61650118A73B970032D2EA /* Icon-60@2x.png in Resources */ = {isa = PBXBuildFile; fileRef = 4C61646D18A73B970032D2EA /* Icon-60@2x.png */; };
		4C61650218A73B970032D2EA /* Icon-72.png in Resources */ = {isa = PBXBuildFile; fileRef = 4C61646E18A73B970032D2EA /* Icon-72.png */; };
		4C61650318A73B970032D2EA /* Icon-72@2x.png in Resources */ = {isa = PBXBuildFile; fileRef = 4C61646F18A73B970032D2EA /* Icon-72@2x.png */; };
		4C61650418A73B970032D2EA /* Icon-76.png in Resources */ = {isa = PBXBuildFile; fileRef = 4C61647018A73B970032D2EA /* Icon-76.png */; };
		4C61650518A73B970032D2EA /* Icon-76@2x.png in Resources */ = {isa = PBXBuildFile; fileRef = 4C61647118A73B970032D2EA /* Icon-76@2x.png */; };
		4C61650618A73B970032D2EA /* Icon-Small-50.png in Resources */ = {isa = PBXBuildFile; fileRef = 4C61647218A73B970032D2EA /* Icon-Small-50.png */; };
		4C61650718A73B970032D2EA /* Icon-Small-50@2x.png in Resources */ = {isa = PBXBuildFile; fileRef = 4C61647318A73B970032D2EA /* Icon-Small-50@2x.png */; };
		4C61650818A73B970032D2EA /* Icon-Small.png in Resources */ = {isa = PBXBuildFile; fileRef = 4C61647418A73B970032D2EA /* Icon-Small.png */; };
		4C61650918A73B970032D2EA /* Icon-Small@2x.png in Resources */ = {isa = PBXBuildFile; fileRef = 4C61647518A73B970032D2EA /* Icon-Small@2x.png */; };
		4C61650A18A73B970032D2EA /* Icon.png in Resources */ = {isa = PBXBuildFile; fileRef = 4C61647618A73B970032D2EA /* Icon.png */; };
		4C61650B18A73B970032D2EA /* Icon@2x.png in Resources */ = {isa = PBXBuildFile; fileRef = 4C61647718A73B970032D2EA /* Icon@2x.png */; };
		4C61650C18A73B970032D2EA /* iTunesArtwork.png in Resources */ = {isa = PBXBuildFile; fileRef = 4C61647818A73B970032D2EA /* iTunesArtwork.png */; };
		4C61650D18A73B970032D2EA /* iTunesArtwork@2x.png in Resources */ = {isa = PBXBuildFile; fileRef = 4C61647918A73B970032D2EA /* iTunesArtwork@2x.png */; };
		4C61650E18A73B970032D2EA /* Matched_Up_DesignV3_red.pdf in Resources */ = {isa = PBXBuildFile; fileRef = 4C61647A18A73B970032D2EA /* Matched_Up_DesignV3_red.pdf */; };
		4CF983661874C6BF00FCBDEB /* Foundation.framework in Frameworks */ = {isa = PBXBuildFile; fileRef = 4CF983651874C6BF00FCBDEB /* Foundation.framework */; };
		4CF983681874C6BF00FCBDEB /* CoreGraphics.framework in Frameworks */ = {isa = PBXBuildFile; fileRef = 4CF983671874C6BF00FCBDEB /* CoreGraphics.framework */; };
		4CF9836A1874C6BF00FCBDEB /* UIKit.framework in Frameworks */ = {isa = PBXBuildFile; fileRef = 4CF983691874C6BF00FCBDEB /* UIKit.framework */; };
		4CF983701874C6BF00FCBDEB /* InfoPlist.strings in Resources */ = {isa = PBXBuildFile; fileRef = 4CF9836E1874C6BF00FCBDEB /* InfoPlist.strings */; };
		4CF983721874C6BF00FCBDEB /* main.m in Sources */ = {isa = PBXBuildFile; fileRef = 4CF983711874C6BF00FCBDEB /* main.m */; };
		4CF983761874C6BF00FCBDEB /* ETAppDelegate.m in Sources */ = {isa = PBXBuildFile; fileRef = 4CF983751874C6BF00FCBDEB /* ETAppDelegate.m */; };
		4CF983791874C6BF00FCBDEB /* Main.storyboard in Resources */ = {isa = PBXBuildFile; fileRef = 4CF983771874C6BF00FCBDEB /* Main.storyboard */; };
		4CF983811874C6BF00FCBDEB /* Images.xcassets in Resources */ = {isa = PBXBuildFile; fileRef = 4CF983801874C6BF00FCBDEB /* Images.xcassets */; };
		4CF983881874C6BF00FCBDEB /* XCTest.framework in Frameworks */ = {isa = PBXBuildFile; fileRef = 4CF983871874C6BF00FCBDEB /* XCTest.framework */; };
		4CF983891874C6BF00FCBDEB /* Foundation.framework in Frameworks */ = {isa = PBXBuildFile; fileRef = 4CF983651874C6BF00FCBDEB /* Foundation.framework */; };
		4CF9838A1874C6BF00FCBDEB /* UIKit.framework in Frameworks */ = {isa = PBXBuildFile; fileRef = 4CF983691874C6BF00FCBDEB /* UIKit.framework */; };
		4CF983921874C6BF00FCBDEB /* InfoPlist.strings in Resources */ = {isa = PBXBuildFile; fileRef = 4CF983901874C6BF00FCBDEB /* InfoPlist.strings */; };
		4CF983941874C6BF00FCBDEB /* MatchedUpTests.m in Sources */ = {isa = PBXBuildFile; fileRef = 4CF983931874C6BF00FCBDEB /* MatchedUpTests.m */; };
		4CF9839F1874C76600FCBDEB /* ETLoginViewController.m in Sources */ = {isa = PBXBuildFile; fileRef = 4CF9839E1874C76600FCBDEB /* ETLoginViewController.m */; };
		53B0E8D79FA145DE9EA34581 /* libPods.a in Frameworks */ = {isa = PBXBuildFile; fileRef = C29857DCA713471B8B71A948 /* libPods.a */; };
/* End PBXBuildFile section */

/* Begin PBXContainerItemProxy section */
		4CF9838B1874C6BF00FCBDEB /* PBXContainerItemProxy */ = {
			isa = PBXContainerItemProxy;
			containerPortal = 4CF9835A1874C6BF00FCBDEB /* Project object */;
			proxyType = 1;
			remoteGlobalIDString = 4CF983611874C6BF00FCBDEB;
			remoteInfo = MatchedUp;
		};
/* End PBXContainerItemProxy section */

/* Begin PBXFileReference section */
		4C058B87188E4CC50053A295 /* ETMatchViewController.h */ = {isa = PBXFileReference; fileEncoding = 4; lastKnownFileType = sourcecode.c.h; path = ETMatchViewController.h; sourceTree = "<group>"; };
		4C058B88188E4CC50053A295 /* ETMatchViewController.m */ = {isa = PBXFileReference; fileEncoding = 4; lastKnownFileType = sourcecode.c.objc; path = ETMatchViewController.m; sourceTree = "<group>"; };
		4C058B8B188E4EBB0053A295 /* ETMatchesViewController.h */ = {isa = PBXFileReference; fileEncoding = 4; lastKnownFileType = sourcecode.c.h; path = ETMatchesViewController.h; sourceTree = "<group>"; };
		4C058B8C188E4EBB0053A295 /* ETMatchesViewController.m */ = {isa = PBXFileReference; fileEncoding = 4; lastKnownFileType = sourcecode.c.objc; path = ETMatchesViewController.m; sourceTree = "<group>"; };
		4C058B8F188F9EFF0053A295 /* ETChatViewController.h */ = {isa = PBXFileReference; fileEncoding = 4; lastKnownFileType = sourcecode.c.h; path = ETChatViewController.h; sourceTree = "<group>"; };
		4C058B90188F9EFF0053A295 /* ETChatViewController.m */ = {isa = PBXFileReference; fileEncoding = 4; lastKnownFileType = sourcecode.c.objc; path = ETChatViewController.m; sourceTree = "<group>"; };
		4C058BED1894BB330053A295 /* timer.png */ = {isa = PBXFileReference; lastKnownFileType = image.png; path = timer.png; sourceTree = "<group>"; };
		4C13A570188B958900059687 /* ETTestUser.h */ = {isa = PBXFileReference; fileEncoding = 4; lastKnownFileType = sourcecode.c.h; path = ETTestUser.h; sourceTree = "<group>"; };
		4C13A571188B958900059687 /* ETTestUser.m */ = {isa = PBXFileReference; fileEncoding = 4; lastKnownFileType = sourcecode.c.objc; path = ETTestUser.m; sourceTree = "<group>"; };
		4C13A575188C2E3600059687 /* cat.jpeg */ = {isa = PBXFileReference; lastKnownFileType = image.jpeg; path = cat.jpeg; sourceTree = "<group>"; };
		4C13A576188C2E3600059687 /* cat2.jpeg */ = {isa = PBXFileReference; lastKnownFileType = image.jpeg; path = cat2.jpeg; sourceTree = "<group>"; };
		4C13A577188C2E3600059687 /* cat3.jpg */ = {isa = PBXFileReference; lastKnownFileType = image.jpeg; path = cat3.jpg; sourceTree = "<group>"; };
		4C52AE5B187D17EC004C6737 /* ETFBConstants.h */ = {isa = PBXFileReference; fileEncoding = 4; lastKnownFileType = sourcecode.c.h; path = ETFBConstants.h; sourceTree = "<group>"; };
		4C52AE5C187D17EC004C6737 /* ETFBConstants.m */ = {isa = PBXFileReference; fileEncoding = 4; lastKnownFileType = sourcecode.c.objc; path = ETFBConstants.m; sourceTree = "<group>"; };
		4C52AE5F187E70E6004C6737 /* ETHomeViewController.h */ = {isa = PBXFileReference; fileEncoding = 4; lastKnownFileType = sourcecode.c.h; path = ETHomeViewController.h; sourceTree = "<group>"; };
		4C52AE60187E70E6004C6737 /* ETHomeViewController.m */ = {isa = PBXFileReference; fileEncoding = 4; lastKnownFileType = sourcecode.c.objc; path = ETHomeViewController.m; sourceTree = "<group>"; };
		4C52AE63187E75BF004C6737 /* ETSettingsViewController.h */ = {isa = PBXFileReference; fileEncoding = 4; lastKnownFileType = sourcecode.c.h; path = ETSettingsViewController.h; sourceTree = "<group>"; };
		4C52AE64187E75BF004C6737 /* ETSettingsViewController.m */ = {isa = PBXFileReference; fileEncoding = 4; lastKnownFileType = sourcecode.c.objc; path = ETSettingsViewController.m; sourceTree = "<group>"; };
		4C52AE67187E795C004C6737 /* ETEditProfileViewController.h */ = {isa = PBXFileReference; fileEncoding = 4; lastKnownFileType = sourcecode.c.h; path = ETEditProfileViewController.h; sourceTree = "<group>"; };
		4C52AE68187E795C004C6737 /* ETEditProfileViewController.m */ = {isa = PBXFileReference; fileEncoding = 4; lastKnownFileType = sourcecode.c.objc; path = ETEditProfileViewController.m; sourceTree = "<group>"; };
		4C52AE6B1880E341004C6737 /* ETProfileViewController.h */ = {isa = PBXFileReference; fileEncoding = 4; lastKnownFileType = sourcecode.c.h; path = ETProfileViewController.h; sourceTree = "<group>"; };
		4C52AE6C1880E341004C6737 /* ETProfileViewController.m */ = {isa = PBXFileReference; fileEncoding = 4; lastKnownFileType = sourcecode.c.objc; path = ETProfileViewController.m; sourceTree = "<group>"; };
		4C5E72FD18ADE4FE004E5581 /* ETTransitionAnimator.h */ = {isa = PBXFileReference; fileEncoding = 4; lastKnownFileType = sourcecode.c.h; path = ETTransitionAnimator.h; sourceTree = "<group>"; };
		4C5E72FE18ADE4FE004E5581 /* ETTransitionAnimator.m */ = {isa = PBXFileReference; fileEncoding = 4; lastKnownFileType = sourcecode.c.objc; path = ETTransitionAnimator.m; sourceTree = "<group>"; };
		4C6163D518A731EA0032D2EA /* defaultPrefsFile.plist */ = {isa = PBXFileReference; fileEncoding = 4; lastKnownFileType = text.plist.xml; path = defaultPrefsFile.plist; sourceTree = "<group>"; };
		4C6163DA18A73B960032D2EA /* BG.png */ = {isa = PBXFileReference; lastKnownFileType = image.png; path = BG.png; sourceTree = "<group>"; };
		4C6163DB18A73B960032D2EA /* BG@2x.png */ = {isa = PBXFileReference; lastKnownFileType = image.png; path = "BG@2x.png"; sourceTree = "<group>"; };
		4C6163DC18A73B960032D2EA /* BG.png */ = {isa = PBXFileReference; lastKnownFileType = image.png; path = BG.png; sourceTree = "<group>"; };
		4C6163DD18A73B960032D2EA /* BG@2x.png */ = {isa = PBXFileReference; lastKnownFileType = image.png; path = "BG@2x.png"; sourceTree = "<group>"; };
		4C6163DF18A73B960032D2EA /* Facebook.png */ = {isa = PBXFileReference; lastKnownFileType = image.png; path = Facebook.png; sourceTree = "<group>"; };
		4C6163E018A73B960032D2EA /* Facebook@2x.png */ = {isa = PBXFileReference; lastKnownFileType = image.png; path = "Facebook@2x.png"; sourceTree = "<group>"; };
		4C6163E118A73B960032D2EA /* Logo.png */ = {isa = PBXFileReference; lastKnownFileType = image.png; path = Logo.png; sourceTree = "<group>"; };
		4C6163E218A73B960032D2EA /* Logo@2x.png */ = {isa = PBXFileReference; lastKnownFileType = image.png; path = "Logo@2x.png"; sourceTree = "<group>"; };
		4C6163E418A73B960032D2EA /* BG.png */ = {isa = PBXFileReference; lastKnownFileType = image.png; path = BG.png; sourceTree = "<group>"; };
		4C6163E518A73B960032D2EA /* BG@2x.png */ = {isa = PBXFileReference; lastKnownFileType = image.png; path = "BG@2x.png"; sourceTree = "<group>"; };
		4C6163E618A73B960032D2EA /* ChatIcon.png */ = {isa = PBXFileReference; lastKnownFileType = image.png; path = ChatIcon.png; sourceTree = "<group>"; };
		4C6163E718A73B960032D2EA /* ChatIcon@2x.png */ = {isa = PBXFileReference; lastKnownFileType = image.png; path = "ChatIcon@2x.png"; sourceTree = "<group>"; };
		4C6163E818A73B960032D2EA /* DislikeIcon.png */ = {isa = PBXFileReference; lastKnownFileType = image.png; path = DislikeIcon.png; sourceTree = "<group>"; };
		4C6163E918A73B960032D2EA /* DislikeIcon@2x.png */ = {isa = PBXFileReference; lastKnownFileType = image.png; path = "DislikeIcon@2x.png"; sourceTree = "<group>"; };
		4C6163EA18A73B960032D2EA /* InfoIcon.png */ = {isa = PBXFileReference; lastKnownFileType = image.png; path = InfoIcon.png; sourceTree = "<group>"; };
		4C6163EB18A73B960032D2EA /* InfoIcon@2x.png */ = {isa = PBXFileReference; lastKnownFileType = image.png; path = "InfoIcon@2x.png"; sourceTree = "<group>"; };
		4C6163EC18A73B960032D2EA /* LikeIcon.png */ = {isa = PBXFileReference; lastKnownFileType = image.png; path = LikeIcon.png; sourceTree = "<group>"; };
		4C6163ED18A73B960032D2EA /* LikeIcon@2x.png */ = {isa = PBXFileReference; lastKnownFileType = image.png; path = "LikeIcon@2x.png"; sourceTree = "<group>"; };
		4C6163EE18A73B960032D2EA /* Matched-Up.png */ = {isa = PBXFileReference; lastKnownFileType = image.png; path = "Matched-Up.png"; sourceTree = "<group>"; };
		4C6163EF18A73B960032D2EA /* Matched-Up@2x.png */ = {isa = PBXFileReference; lastKnownFileType = image.png; path = "Matched-Up@2x.png"; sourceTree = "<group>"; };
		4C6163F018A73B960032D2EA /* SettingIcon.png */ = {isa = PBXFileReference; lastKnownFileType = image.png; path = SettingIcon.png; sourceTree = "<group>"; };
		4C6163F118A73B960032D2EA /* SettingIcon@2x.png */ = {isa = PBXFileReference; lastKnownFileType = image.png; path = "SettingIcon@2x.png"; sourceTree = "<group>"; };
		4C6163F218A73B960032D2EA /* Top_NavBG.png */ = {isa = PBXFileReference; lastKnownFileType = image.png; path = Top_NavBG.png; sourceTree = "<group>"; };
		4C6163F318A73B960032D2EA /* Top_NavBG@2x.png */ = {isa = PBXFileReference; lastKnownFileType = image.png; path = "Top_NavBG@2x.png"; sourceTree = "<group>"; };
		4C6163F418A73B960032D2EA /* User_Image.png */ = {isa = PBXFileReference; lastKnownFileType = image.png; path = User_Image.png; sourceTree = "<group>"; };
		4C6163F518A73B960032D2EA /* User_Image@2x.png */ = {isa = PBXFileReference; lastKnownFileType = image.png; path = "User_Image@2x.png"; sourceTree = "<group>"; };
		4C6163F618A73B960032D2EA /* VP_BG.png */ = {isa = PBXFileReference; lastKnownFileType = image.png; path = VP_BG.png; sourceTree = "<group>"; };
		4C6163F718A73B960032D2EA /* VP_BG@2x.png */ = {isa = PBXFileReference; lastKnownFileType = image.png; path = "VP_BG@2x.png"; sourceTree = "<group>"; };
		4C6163F918A73B960032D2EA /* About_BG.png */ = {isa = PBXFileReference; lastKnownFileType = image.png; path = About_BG.png; sourceTree = "<group>"; };
		4C6163FA18A73B960032D2EA /* About_BG@2x.png */ = {isa = PBXFileReference; lastKnownFileType = image.png; path = "About_BG@2x.png"; sourceTree = "<group>"; };
		4C6163FB18A73B960032D2EA /* AgeIcon.png */ = {isa = PBXFileReference; lastKnownFileType = image.png; path = AgeIcon.png; sourceTree = "<group>"; };
		4C6163FC18A73B960032D2EA /* AgeIcon@2x.png */ = {isa = PBXFileReference; lastKnownFileType = image.png; path = "AgeIcon@2x.png"; sourceTree = "<group>"; };
		4C6163FD18A73B960032D2EA /* BG.png */ = {isa = PBXFileReference; lastKnownFileType = image.png; path = BG.png; sourceTree = "<group>"; };
		4C6163FE18A73B960032D2EA /* BG@2x.png */ = {isa = PBXFileReference; lastKnownFileType = image.png; path = "BG@2x.png"; sourceTree = "<group>"; };
		4C6163FF18A73B960032D2EA /* ChatIcon.png */ = {isa = PBXFileReference; lastKnownFileType = image.png; path = ChatIcon.png; sourceTree = "<group>"; };
		4C61640018A73B960032D2EA /* ChatIcon@2x.png */ = {isa = PBXFileReference; lastKnownFileType = image.png; path = "ChatIcon@2x.png"; sourceTree = "<group>"; };
		4C61640118A73B960032D2EA /* DislikeIcon.png */ = {isa = PBXFileReference; lastKnownFileType = image.png; path = DislikeIcon.png; sourceTree = "<group>"; };
		4C61640218A73B960032D2EA /* DislikeIcon@2x.png */ = {isa = PBXFileReference; lastKnownFileType = image.png; path = "DislikeIcon@2x.png"; sourceTree = "<group>"; };
		4C61640318A73B960032D2EA /* InfoIcon.png */ = {isa = PBXFileReference; lastKnownFileType = image.png; path = InfoIcon.png; sourceTree = "<group>"; };
		4C61640418A73B960032D2EA /* InfoIcon@2x.png */ = {isa = PBXFileReference; lastKnownFileType = image.png; path = "InfoIcon@2x.png"; sourceTree = "<group>"; };
		4C61640518A73B960032D2EA /* LikeIcon.png */ = {isa = PBXFileReference; lastKnownFileType = image.png; path = LikeIcon.png; sourceTree = "<group>"; };
		4C61640618A73B960032D2EA /* LikeIcon@2x.png */ = {isa = PBXFileReference; lastKnownFileType = image.png; path = "LikeIcon@2x.png"; sourceTree = "<group>"; };
		4C61640718A73B960032D2EA /* location.png */ = {isa = PBXFileReference; lastKnownFileType = image.png; path = location.png; sourceTree = "<group>"; };
		4C61640818A73B960032D2EA /* location@2x.png */ = {isa = PBXFileReference; lastKnownFileType = image.png; path = "location@2x.png"; sourceTree = "<group>"; };
		4C61640918A73B960032D2EA /* NameAgeStatusBar.png */ = {isa = PBXFileReference; lastKnownFileType = image.png; path = NameAgeStatusBar.png; sourceTree = "<group>"; };
		4C61640A18A73B960032D2EA /* NameAgeStatusBar@2x.png */ = {isa = PBXFileReference; lastKnownFileType = image.png; path = "NameAgeStatusBar@2x.png"; sourceTree = "<group>"; };
		4C61640B18A73B960032D2EA /* SettingIcon.png */ = {isa = PBXFileReference; lastKnownFileType = image.png; path = SettingIcon.png; sourceTree = "<group>"; };
		4C61640C18A73B960032D2EA /* SettingIcon@2x.png */ = {isa = PBXFileReference; lastKnownFileType = image.png; path = "SettingIcon@2x.png"; sourceTree = "<group>"; };
		4C61640D18A73B960032D2EA /* Single.png */ = {isa = PBXFileReference; lastKnownFileType = image.png; path = Single.png; sourceTree = "<group>"; };
		4C61640E18A73B960032D2EA /* Single@2x.png */ = {isa = PBXFileReference; lastKnownFileType = image.png; path = "Single@2x.png"; sourceTree = "<group>"; };
		4C61640F18A73B960032D2EA /* StatusIcon.png */ = {isa = PBXFileReference; lastKnownFileType = image.png; path = StatusIcon.png; sourceTree = "<group>"; };
		4C61641018A73B960032D2EA /* StatusIcon@2x.png */ = {isa = PBXFileReference; lastKnownFileType = image.png; path = "StatusIcon@2x.png"; sourceTree = "<group>"; };
		4C61641118A73B960032D2EA /* UserImage.png */ = {isa = PBXFileReference; lastKnownFileType = image.png; path = UserImage.png; sourceTree = "<group>"; };
		4C61641218A73B960032D2EA /* UserImage@2x.png */ = {isa = PBXFileReference; lastKnownFileType = image.png; path = "UserImage@2x.png"; sourceTree = "<group>"; };
		4C61641318A73B960032D2EA /* VP_BG.png */ = {isa = PBXFileReference; lastKnownFileType = image.png; path = VP_BG.png; sourceTree = "<group>"; };
		4C61641418A73B960032D2EA /* VP_BG@2x.png */ = {isa = PBXFileReference; lastKnownFileType = image.png; path = "VP_BG@2x.png"; sourceTree = "<group>"; };
		4C61641618A73B960032D2EA /* back-icon.png */ = {isa = PBXFileReference; lastKnownFileType = image.png; path = "back-icon.png"; sourceTree = "<group>"; };
		4C61641718A73B960032D2EA /* back-icon@2x.png */ = {isa = PBXFileReference; lastKnownFileType = image.png; path = "back-icon@2x.png"; sourceTree = "<group>"; };
		4C61641818A73B960032D2EA /* BG.png */ = {isa = PBXFileReference; lastKnownFileType = image.png; path = BG.png; sourceTree = "<group>"; };
		4C61641918A73B960032D2EA /* BG@2x.png */ = {isa = PBXFileReference; lastKnownFileType = image.png; path = "BG@2x.png"; sourceTree = "<group>"; };
		4C61641A18A73B960032D2EA /* Chat_user.png */ = {isa = PBXFileReference; lastKnownFileType = image.png; path = Chat_user.png; sourceTree = "<group>"; };
		4C61641B18A73B960032D2EA /* Chat_user@2x.png */ = {isa = PBXFileReference; lastKnownFileType = image.png; path = "Chat_user@2x.png"; sourceTree = "<group>"; };
		4C61641C18A73B960032D2EA /* menu-icon.png */ = {isa = PBXFileReference; lastKnownFileType = image.png; path = "menu-icon.png"; sourceTree = "<group>"; };
		4C61641D18A73B960032D2EA /* menu-icon@2x.png */ = {isa = PBXFileReference; lastKnownFileType = image.png; path = "menu-icon@2x.png"; sourceTree = "<group>"; };
		4C61641E18A73B960032D2EA /* SettingIcon.png */ = {isa = PBXFileReference; lastKnownFileType = image.png; path = SettingIcon.png; sourceTree = "<group>"; };
		4C61641F18A73B960032D2EA /* SettingIcon@2x.png */ = {isa = PBXFileReference; lastKnownFileType = image.png; path = "SettingIcon@2x.png"; sourceTree = "<group>"; };
		4C61642018A73B970032D2EA /* Top_NavBG.png */ = {isa = PBXFileReference; lastKnownFileType = image.png; path = Top_NavBG.png; sourceTree = "<group>"; };
		4C61642118A73B970032D2EA /* Top_NavBG@2x.png */ = {isa = PBXFileReference; lastKnownFileType = image.png; path = "Top_NavBG@2x.png"; sourceTree = "<group>"; };
		4C61642318A73B970032D2EA /* back-icon.png */ = {isa = PBXFileReference; lastKnownFileType = image.png; path = "back-icon.png"; sourceTree = "<group>"; };
		4C61642418A73B970032D2EA /* back-icon@2x.png */ = {isa = PBXFileReference; lastKnownFileType = image.png; path = "back-icon@2x.png"; sourceTree = "<group>"; };
		4C61642518A73B970032D2EA /* BG.png */ = {isa = PBXFileReference; lastKnownFileType = image.png; path = BG.png; sourceTree = "<group>"; };
		4C61642618A73B970032D2EA /* BG@2x.png */ = {isa = PBXFileReference; lastKnownFileType = image.png; path = "BG@2x.png"; sourceTree = "<group>"; };
		4C61642718A73B970032D2EA /* form.png */ = {isa = PBXFileReference; lastKnownFileType = image.png; path = form.png; sourceTree = "<group>"; };
		4C61642818A73B970032D2EA /* form@2x.png */ = {isa = PBXFileReference; lastKnownFileType = image.png; path = "form@2x.png"; sourceTree = "<group>"; };
		4C61642918A73B970032D2EA /* menu-icon.png */ = {isa = PBXFileReference; lastKnownFileType = image.png; path = "menu-icon.png"; sourceTree = "<group>"; };
		4C61642A18A73B970032D2EA /* menu-icon@2x.png */ = {isa = PBXFileReference; lastKnownFileType = image.png; path = "menu-icon@2x.png"; sourceTree = "<group>"; };
		4C61642B18A73B970032D2EA /* Send_Bar_BG.png */ = {isa = PBXFileReference; lastKnownFileType = image.png; path = Send_Bar_BG.png; sourceTree = "<group>"; };
		4C61642C18A73B970032D2EA /* Send_Bar_BG@2x.png */ = {isa = PBXFileReference; lastKnownFileType = image.png; path = "Send_Bar_BG@2x.png"; sourceTree = "<group>"; };
		4C61642D18A73B970032D2EA /* SettingIcon.png */ = {isa = PBXFileReference; lastKnownFileType = image.png; path = SettingIcon.png; sourceTree = "<group>"; };
		4C61642E18A73B970032D2EA /* SettingIcon@2x.png */ = {isa = PBXFileReference; lastKnownFileType = image.png; path = "SettingIcon@2x.png"; sourceTree = "<group>"; };
		4C61642F18A73B970032D2EA /* Top_NavBG.png */ = {isa = PBXFileReference; lastKnownFileType = image.png; path = Top_NavBG.png; sourceTree = "<group>"; };
		4C61643018A73B970032D2EA /* Top_NavBG@2x.png */ = {isa = PBXFileReference; lastKnownFileType = image.png; path = "Top_NavBG@2x.png"; sourceTree = "<group>"; };
		4C61643218A73B970032D2EA /* back-icon.png */ = {isa = PBXFileReference; lastKnownFileType = image.png; path = "back-icon.png"; sourceTree = "<group>"; };
		4C61643318A73B970032D2EA /* back-icon@2x.png */ = {isa = PBXFileReference; lastKnownFileType = image.png; path = "back-icon@2x.png"; sourceTree = "<group>"; };
		4C61643418A73B970032D2EA /* BG.png */ = {isa = PBXFileReference; lastKnownFileType = image.png; path = BG.png; sourceTree = "<group>"; };
		4C61643518A73B970032D2EA /* BG@2x.png */ = {isa = PBXFileReference; lastKnownFileType = image.png; path = "BG@2x.png"; sourceTree = "<group>"; };
		4C61643618A73B970032D2EA /* EditProfile.png */ = {isa = PBXFileReference; lastKnownFileType = image.png; path = EditProfile.png; sourceTree = "<group>"; };
		4C61643718A73B970032D2EA /* EditProfile@2x.png */ = {isa = PBXFileReference; lastKnownFileType = image.png; path = "EditProfile@2x.png"; sourceTree = "<group>"; };
		4C61643818A73B970032D2EA /* Logout.png */ = {isa = PBXFileReference; lastKnownFileType = image.png; path = Logout.png; sourceTree = "<group>"; };
		4C61643918A73B970032D2EA /* Logout@2x.png */ = {isa = PBXFileReference; lastKnownFileType = image.png; path = "Logout@2x.png"; sourceTree = "<group>"; };
		4C61643A18A73B970032D2EA /* menu-icon.png */ = {isa = PBXFileReference; lastKnownFileType = image.png; path = "menu-icon.png"; sourceTree = "<group>"; };
		4C61643B18A73B970032D2EA /* menu-icon@2x.png */ = {isa = PBXFileReference; lastKnownFileType = image.png; path = "menu-icon@2x.png"; sourceTree = "<group>"; };
		4C61643C18A73B970032D2EA /* SettingIcon.png */ = {isa = PBXFileReference; lastKnownFileType = image.png; path = SettingIcon.png; sourceTree = "<group>"; };
		4C61643D18A73B970032D2EA /* SettingIcon@2x.png */ = {isa = PBXFileReference; lastKnownFileType = image.png; path = "SettingIcon@2x.png"; sourceTree = "<group>"; };
		4C61643E18A73B970032D2EA /* Top_NavBG.png */ = {isa = PBXFileReference; lastKnownFileType = image.png; path = Top_NavBG.png; sourceTree = "<group>"; };
		4C61643F18A73B970032D2EA /* Top_NavBG@2x.png */ = {isa = PBXFileReference; lastKnownFileType = image.png; path = "Top_NavBG@2x.png"; sourceTree = "<group>"; };
		4C61644118A73B970032D2EA /* About_BG.png */ = {isa = PBXFileReference; lastKnownFileType = image.png; path = About_BG.png; sourceTree = "<group>"; };
		4C61644218A73B970032D2EA /* About_BG@2x.png */ = {isa = PBXFileReference; lastKnownFileType = image.png; path = "About_BG@2x.png"; sourceTree = "<group>"; };
		4C61644318A73B970032D2EA /* back-icon.png */ = {isa = PBXFileReference; lastKnownFileType = image.png; path = "back-icon.png"; sourceTree = "<group>"; };
		4C61644418A73B970032D2EA /* back-icon@2x.png */ = {isa = PBXFileReference; lastKnownFileType = image.png; path = "back-icon@2x.png"; sourceTree = "<group>"; };
		4C61644518A73B970032D2EA /* BG.png */ = {isa = PBXFileReference; lastKnownFileType = image.png; path = BG.png; sourceTree = "<group>"; };
		4C61644618A73B970032D2EA /* BG@2x.png */ = {isa = PBXFileReference; lastKnownFileType = image.png; path = "BG@2x.png"; sourceTree = "<group>"; };
		4C61644718A73B970032D2EA /* menu-icon.png */ = {isa = PBXFileReference; lastKnownFileType = image.png; path = "menu-icon.png"; sourceTree = "<group>"; };
		4C61644818A73B970032D2EA /* menu-icon@2x.png */ = {isa = PBXFileReference; lastKnownFileType = image.png; path = "menu-icon@2x.png"; sourceTree = "<group>"; };
		4C61644918A73B970032D2EA /* SettingIcon.png */ = {isa = PBXFileReference; lastKnownFileType = image.png; path = SettingIcon.png; sourceTree = "<group>"; };
		4C61644A18A73B970032D2EA /* SettingIcon@2x.png */ = {isa = PBXFileReference; lastKnownFileType = image.png; path = "SettingIcon@2x.png"; sourceTree = "<group>"; };
		4C61644B18A73B970032D2EA /* Top_NavBG.png */ = {isa = PBXFileReference; lastKnownFileType = image.png; path = Top_NavBG.png; sourceTree = "<group>"; };
		4C61644C18A73B970032D2EA /* Top_NavBG@2x.png */ = {isa = PBXFileReference; lastKnownFileType = image.png; path = "Top_NavBG@2x.png"; sourceTree = "<group>"; };
		4C61644D18A73B970032D2EA /* UserImage.png */ = {isa = PBXFileReference; lastKnownFileType = image.png; path = UserImage.png; sourceTree = "<group>"; };
		4C61644E18A73B970032D2EA /* UserImage@2x.png */ = {isa = PBXFileReference; lastKnownFileType = image.png; path = "UserImage@2x.png"; sourceTree = "<group>"; };
		4C61645018A73B970032D2EA /* ChatNow_Icon.png */ = {isa = PBXFileReference; lastKnownFileType = image.png; path = ChatNow_Icon.png; sourceTree = "<group>"; };
		4C61645118A73B970032D2EA /* ChatNow_Icon@2x.png */ = {isa = PBXFileReference; lastKnownFileType = image.png; path = "ChatNow_Icon@2x.png"; sourceTree = "<group>"; };
		4C61645218A73B970032D2EA /* Close-Button.png */ = {isa = PBXFileReference; lastKnownFileType = image.png; path = "Close-Button.png"; sourceTree = "<group>"; };
		4C61645318A73B970032D2EA /* Close-Button@2x.png */ = {isa = PBXFileReference; lastKnownFileType = image.png; path = "Close-Button@2x.png"; sourceTree = "<group>"; };
		4C61645518A73B970032D2EA /* back-icon.png */ = {isa = PBXFileReference; lastKnownFileType = image.png; path = "back-icon.png"; sourceTree = "<group>"; };
		4C61645618A73B970032D2EA /* back-icon@2x.png */ = {isa = PBXFileReference; lastKnownFileType = image.png; path = "back-icon@2x.png"; sourceTree = "<group>"; };
		4C61645718A73B970032D2EA /* ChatIcon.png */ = {isa = PBXFileReference; lastKnownFileType = image.png; path = ChatIcon.png; sourceTree = "<group>"; };
		4C61645818A73B970032D2EA /* ChatIcon@2x.png */ = {isa = PBXFileReference; lastKnownFileType = image.png; path = "ChatIcon@2x.png"; sourceTree = "<group>"; };
		4C61645918A73B970032D2EA /* SettingIcon.png */ = {isa = PBXFileReference; lastKnownFileType = image.png; path = SettingIcon.png; sourceTree = "<group>"; };
		4C61645A18A73B970032D2EA /* SettingIcon@2x.png */ = {isa = PBXFileReference; lastKnownFileType = image.png; path = "SettingIcon@2x.png"; sourceTree = "<group>"; };
		4C61645D18A73B970032D2EA /* 1024_icon-1-01.png */ = {isa = PBXFileReference; lastKnownFileType = image.png; path = "1024_icon-1-01.png"; sourceTree = "<group>"; };
		4C61645F18A73B970032D2EA /* Icon-72.png */ = {isa = PBXFileReference; lastKnownFileType = image.png; path = "Icon-72.png"; sourceTree = "<group>"; };
		4C61646018A73B970032D2EA /* Icon-72@2x.png */ = {isa = PBXFileReference; lastKnownFileType = image.png; path = "Icon-72@2x.png"; sourceTree = "<group>"; };
		4C61646118A73B970032D2EA /* Icon-Small-50.png */ = {isa = PBXFileReference; lastKnownFileType = image.png; path = "Icon-Small-50.png"; sourceTree = "<group>"; };
		4C61646218A73B970032D2EA /* Icon-Small-50@2x.png */ = {isa = PBXFileReference; lastKnownFileType = image.png; path = "Icon-Small-50@2x.png"; sourceTree = "<group>"; };
		4C61646318A73B970032D2EA /* Icon-Small.png */ = {isa = PBXFileReference; lastKnownFileType = image.png; path = "Icon-Small.png"; sourceTree = "<group>"; };
		4C61646418A73B970032D2EA /* Icon-Small@2x.png */ = {isa = PBXFileReference; lastKnownFileType = image.png; path = "Icon-Small@2x.png"; sourceTree = "<group>"; };
		4C61646518A73B970032D2EA /* Icon.png */ = {isa = PBXFileReference; lastKnownFileType = image.png; path = Icon.png; sourceTree = "<group>"; };
		4C61646618A73B970032D2EA /* Icon@2x.png */ = {isa = PBXFileReference; lastKnownFileType = image.png; path = "Icon@2x.png"; sourceTree = "<group>"; };
		4C61646718A73B970032D2EA /* iTunesArtwork.png */ = {isa = PBXFileReference; lastKnownFileType = image.png; path = iTunesArtwork.png; sourceTree = "<group>"; };
		4C61646818A73B970032D2EA /* iTunesArtwork@2x.png */ = {isa = PBXFileReference; lastKnownFileType = image.png; path = "iTunesArtwork@2x.png"; sourceTree = "<group>"; };
		4C61646A18A73B970032D2EA /* Icon-40.png */ = {isa = PBXFileReference; lastKnownFileType = image.png; path = "Icon-40.png"; sourceTree = "<group>"; };
		4C61646B18A73B970032D2EA /* Icon-40@2x.png */ = {isa = PBXFileReference; lastKnownFileType = image.png; path = "Icon-40@2x.png"; sourceTree = "<group>"; };
		4C61646C18A73B970032D2EA /* Icon-60.png */ = {isa = PBXFileReference; lastKnownFileType = image.png; path = "Icon-60.png"; sourceTree = "<group>"; };
		4C61646D18A73B970032D2EA /* Icon-60@2x.png */ = {isa = PBXFileReference; lastKnownFileType = image.png; path = "Icon-60@2x.png"; sourceTree = "<group>"; };
		4C61646E18A73B970032D2EA /* Icon-72.png */ = {isa = PBXFileReference; lastKnownFileType = image.png; path = "Icon-72.png"; sourceTree = "<group>"; };
		4C61646F18A73B970032D2EA /* Icon-72@2x.png */ = {isa = PBXFileReference; lastKnownFileType = image.png; path = "Icon-72@2x.png"; sourceTree = "<group>"; };
		4C61647018A73B970032D2EA /* Icon-76.png */ = {isa = PBXFileReference; lastKnownFileType = image.png; path = "Icon-76.png"; sourceTree = "<group>"; };
		4C61647118A73B970032D2EA /* Icon-76@2x.png */ = {isa = PBXFileReference; lastKnownFileType = image.png; path = "Icon-76@2x.png"; sourceTree = "<group>"; };
		4C61647218A73B970032D2EA /* Icon-Small-50.png */ = {isa = PBXFileReference; lastKnownFileType = image.png; path = "Icon-Small-50.png"; sourceTree = "<group>"; };
		4C61647318A73B970032D2EA /* Icon-Small-50@2x.png */ = {isa = PBXFileReference; lastKnownFileType = image.png; path = "Icon-Small-50@2x.png"; sourceTree = "<group>"; };
		4C61647418A73B970032D2EA /* Icon-Small.png */ = {isa = PBXFileReference; lastKnownFileType = image.png; path = "Icon-Small.png"; sourceTree = "<group>"; };
		4C61647518A73B970032D2EA /* Icon-Small@2x.png */ = {isa = PBXFileReference; lastKnownFileType = image.png; path = "Icon-Small@2x.png"; sourceTree = "<group>"; };
		4C61647618A73B970032D2EA /* Icon.png */ = {isa = PBXFileReference; lastKnownFileType = image.png; path = Icon.png; sourceTree = "<group>"; };
		4C61647718A73B970032D2EA /* Icon@2x.png */ = {isa = PBXFileReference; lastKnownFileType = image.png; path = "Icon@2x.png"; sourceTree = "<group>"; };
		4C61647818A73B970032D2EA /* iTunesArtwork.png */ = {isa = PBXFileReference; lastKnownFileType = image.png; path = iTunesArtwork.png; sourceTree = "<group>"; };
		4C61647918A73B970032D2EA /* iTunesArtwork@2x.png */ = {isa = PBXFileReference; lastKnownFileType = image.png; path = "iTunesArtwork@2x.png"; sourceTree = "<group>"; };
		4C61647A18A73B970032D2EA /* Matched_Up_DesignV3_red.pdf */ = {isa = PBXFileReference; lastKnownFileType = image.pdf; path = Matched_Up_DesignV3_red.pdf; sourceTree = "<group>"; };
		4CF983621874C6BF00FCBDEB /* MatchedUp.app */ = {isa = PBXFileReference; explicitFileType = wrapper.application; includeInIndex = 0; path = MatchedUp.app; sourceTree = BUILT_PRODUCTS_DIR; };
		4CF983651874C6BF00FCBDEB /* Foundation.framework */ = {isa = PBXFileReference; lastKnownFileType = wrapper.framework; name = Foundation.framework; path = System/Library/Frameworks/Foundation.framework; sourceTree = SDKROOT; };
		4CF983671874C6BF00FCBDEB /* CoreGraphics.framework */ = {isa = PBXFileReference; lastKnownFileType = wrapper.framework; name = CoreGraphics.framework; path = System/Library/Frameworks/CoreGraphics.framework; sourceTree = SDKROOT; };
		4CF983691874C6BF00FCBDEB /* UIKit.framework */ = {isa = PBXFileReference; lastKnownFileType = wrapper.framework; name = UIKit.framework; path = System/Library/Frameworks/UIKit.framework; sourceTree = SDKROOT; };
		4CF9836D1874C6BF00FCBDEB /* MatchedUp-Info.plist */ = {isa = PBXFileReference; lastKnownFileType = text.plist.xml; path = "MatchedUp-Info.plist"; sourceTree = "<group>"; };
		4CF9836F1874C6BF00FCBDEB /* en */ = {isa = PBXFileReference; lastKnownFileType = text.plist.strings; name = en; path = en.lproj/InfoPlist.strings; sourceTree = "<group>"; };
		4CF983711874C6BF00FCBDEB /* main.m */ = {isa = PBXFileReference; lastKnownFileType = sourcecode.c.objc; path = main.m; sourceTree = "<group>"; };
		4CF983731874C6BF00FCBDEB /* MatchedUp-Prefix.pch */ = {isa = PBXFileReference; lastKnownFileType = sourcecode.c.h; path = "MatchedUp-Prefix.pch"; sourceTree = "<group>"; };
		4CF983741874C6BF00FCBDEB /* ETAppDelegate.h */ = {isa = PBXFileReference; lastKnownFileType = sourcecode.c.h; path = ETAppDelegate.h; sourceTree = "<group>"; };
		4CF983751874C6BF00FCBDEB /* ETAppDelegate.m */ = {isa = PBXFileReference; lastKnownFileType = sourcecode.c.objc; path = ETAppDelegate.m; sourceTree = "<group>"; };
		4CF983781874C6BF00FCBDEB /* Base */ = {isa = PBXFileReference; lastKnownFileType = file.storyboard; name = Base; path = Base.lproj/Main.storyboard; sourceTree = "<group>"; };
		4CF983801874C6BF00FCBDEB /* Images.xcassets */ = {isa = PBXFileReference; lastKnownFileType = folder.assetcatalog; path = Images.xcassets; sourceTree = "<group>"; };
		4CF983861874C6BF00FCBDEB /* MatchedUpTests.xctest */ = {isa = PBXFileReference; explicitFileType = wrapper.cfbundle; includeInIndex = 0; path = MatchedUpTests.xctest; sourceTree = BUILT_PRODUCTS_DIR; };
		4CF983871874C6BF00FCBDEB /* XCTest.framework */ = {isa = PBXFileReference; lastKnownFileType = wrapper.framework; name = XCTest.framework; path = Library/Frameworks/XCTest.framework; sourceTree = DEVELOPER_DIR; };
		4CF9838F1874C6BF00FCBDEB /* MatchedUpTests-Info.plist */ = {isa = PBXFileReference; lastKnownFileType = text.plist.xml; path = "MatchedUpTests-Info.plist"; sourceTree = "<group>"; };
		4CF983911874C6BF00FCBDEB /* en */ = {isa = PBXFileReference; lastKnownFileType = text.plist.strings; name = en; path = en.lproj/InfoPlist.strings; sourceTree = "<group>"; };
		4CF983931874C6BF00FCBDEB /* MatchedUpTests.m */ = {isa = PBXFileReference; lastKnownFileType = sourcecode.c.objc; path = MatchedUpTests.m; sourceTree = "<group>"; };
		4CF9839D1874C76600FCBDEB /* ETLoginViewController.h */ = {isa = PBXFileReference; fileEncoding = 4; lastKnownFileType = sourcecode.c.h; path = ETLoginViewController.h; sourceTree = "<group>"; };
		4CF9839E1874C76600FCBDEB /* ETLoginViewController.m */ = {isa = PBXFileReference; fileEncoding = 4; lastKnownFileType = sourcecode.c.objc; path = ETLoginViewController.m; sourceTree = "<group>"; };
		6B1299C3A5464D97ADAE2D9A /* Pods.xcconfig */ = {isa = PBXFileReference; includeInIndex = 1; lastKnownFileType = text.xcconfig; name = Pods.xcconfig; path = Pods/Pods.xcconfig; sourceTree = "<group>"; };
		C29857DCA713471B8B71A948 /* libPods.a */ = {isa = PBXFileReference; explicitFileType = archive.ar; includeInIndex = 0; path = libPods.a; sourceTree = BUILT_PRODUCTS_DIR; };
/* End PBXFileReference section */

/* Begin PBXFrameworksBuildPhase section */
		4CF9835F1874C6BF00FCBDEB /* Frameworks */ = {
			isa = PBXFrameworksBuildPhase;
			buildActionMask = 2147483647;
			files = (
				4CF983681874C6BF00FCBDEB /* CoreGraphics.framework in Frameworks */,
				4CF9836A1874C6BF00FCBDEB /* UIKit.framework in Frameworks */,
				4CF983661874C6BF00FCBDEB /* Foundation.framework in Frameworks */,
				53B0E8D79FA145DE9EA34581 /* libPods.a in Frameworks */,
			);
			runOnlyForDeploymentPostprocessing = 0;
		};
		4CF983831874C6BF00FCBDEB /* Frameworks */ = {
			isa = PBXFrameworksBuildPhase;
			buildActionMask = 2147483647;
			files = (
				4CF983881874C6BF00FCBDEB /* XCTest.framework in Frameworks */,
				4CF9838A1874C6BF00FCBDEB /* UIKit.framework in Frameworks */,
				4CF983891874C6BF00FCBDEB /* Foundation.framework in Frameworks */,
			);
			runOnlyForDeploymentPostprocessing = 0;
		};
/* End PBXFrameworksBuildPhase section */

/* Begin PBXGroup section */
		4C058B86188E4CA50053A295 /* Match */ = {
			isa = PBXGroup;
			children = (
				4C5E72FC18ADE4DA004E5581 /* Transition Helper */,
				4C058B87188E4CC50053A295 /* ETMatchViewController.h */,
				4C058B88188E4CC50053A295 /* ETMatchViewController.m */,
			);
			name = Match;
			sourceTree = "<group>";
		};
		4C058B8A188E4EA40053A295 /* Matches */ = {
			isa = PBXGroup;
			children = (
				4C058B8B188E4EBB0053A295 /* ETMatchesViewController.h */,
				4C058B8C188E4EBB0053A295 /* ETMatchesViewController.m */,
			);
			name = Matches;
			sourceTree = "<group>";
		};
		4C058B92188F9F3F0053A295 /* Chat */ = {
			isa = PBXGroup;
			children = (
				4C058B8F188F9EFF0053A295 /* ETChatViewController.h */,
				4C058B90188F9EFF0053A295 /* ETChatViewController.m */,
			);
			name = Chat;
			sourceTree = "<group>";
		};
		4C13A574188C2DEE00059687 /* Create  Test User */ = {
			isa = PBXGroup;
			children = (
				4C13A575188C2E3600059687 /* cat.jpeg */,
				4C13A576188C2E3600059687 /* cat2.jpeg */,
				4C13A577188C2E3600059687 /* cat3.jpg */,
				4C13A570188B958900059687 /* ETTestUser.h */,
				4C13A571188B958900059687 /* ETTestUser.m */,
			);
			name = "Create  Test User";
			sourceTree = "<group>";
		};
		4C52AE5E187E70B6004C6737 /* Home */ = {
			isa = PBXGroup;
			children = (
				4C52AE5F187E70E6004C6737 /* ETHomeViewController.h */,
				4C52AE60187E70E6004C6737 /* ETHomeViewController.m */,
			);
			name = Home;
			sourceTree = "<group>";
		};
		4C52AE62187E75AB004C6737 /* Settings */ = {
			isa = PBXGroup;
			children = (
				4C6163D518A731EA0032D2EA /* defaultPrefsFile.plist */,
				4C52AE63187E75BF004C6737 /* ETSettingsViewController.h */,
				4C52AE64187E75BF004C6737 /* ETSettingsViewController.m */,
			);
			name = Settings;
			sourceTree = "<group>";
		};
		4C52AE66187E7944004C6737 /* EditProfile */ = {
			isa = PBXGroup;
			children = (
				4C52AE67187E795C004C6737 /* ETEditProfileViewController.h */,
				4C52AE68187E795C004C6737 /* ETEditProfileViewController.m */,
			);
			name = EditProfile;
			sourceTree = "<group>";
		};
		4C52AE6A1880E324004C6737 /* Profile */ = {
			isa = PBXGroup;
			children = (
				4C52AE6B1880E341004C6737 /* ETProfileViewController.h */,
				4C52AE6C1880E341004C6737 /* ETProfileViewController.m */,
			);
			name = Profile;
			sourceTree = "<group>";
		};
		4C5E72FC18ADE4DA004E5581 /* Transition Helper */ = {
			isa = PBXGroup;
			children = (
				4C5E72FD18ADE4FE004E5581 /* ETTransitionAnimator.h */,
				4C5E72FE18ADE4FE004E5581 /* ETTransitionAnimator.m */,
			);
			name = "Transition Helper";
			sourceTree = "<group>";
		};
		4C6163D718A73B960032D2EA /* Matched_Up_assets */ = {
			isa = PBXGroup;
			children = (
				4C6163D818A73B960032D2EA /* 00_SplashPage */,
				4C6163DE18A73B960032D2EA /* 01_LoginScreen */,
				4C6163E318A73B960032D2EA /* 02_HomeScreen */,
				4C6163F818A73B960032D2EA /* 03_Profile */,
				4C61641518A73B960032D2EA /* 04_ChatList */,
				4C61642218A73B970032D2EA /* 05_ChatWindow */,
				4C61643118A73B970032D2EA /* 06_Settings */,
				4C61644018A73B970032D2EA /* 07_Profile_Edit */,
				4C61644F18A73B970032D2EA /* 08_Match */,
				4C61645418A73B970032D2EA /* _44px_Icon */,
				4C61645B18A73B970032D2EA /* appicon */,
				4C61647A18A73B970032D2EA /* Matched_Up_DesignV3_red.pdf */,
			);
			path = Matched_Up_assets;
			sourceTree = "<group>";
		};
		4C6163D818A73B960032D2EA /* 00_SplashPage */ = {
			isa = PBXGroup;
			children = (
				4C6163D918A73B960032D2EA /* 960 */,
				4C6163DC18A73B960032D2EA /* BG.png */,
				4C6163DD18A73B960032D2EA /* BG@2x.png */,
			);
			path = 00_SplashPage;
			sourceTree = "<group>";
		};
		4C6163D918A73B960032D2EA /* 960 */ = {
			isa = PBXGroup;
			children = (
				4C6163DA18A73B960032D2EA /* BG.png */,
				4C6163DB18A73B960032D2EA /* BG@2x.png */,
			);
			path = 960;
			sourceTree = "<group>";
		};
		4C6163DE18A73B960032D2EA /* 01_LoginScreen */ = {
			isa = PBXGroup;
			children = (
				4C6163DF18A73B960032D2EA /* Facebook.png */,
				4C6163E018A73B960032D2EA /* Facebook@2x.png */,
				4C6163E118A73B960032D2EA /* Logo.png */,
				4C6163E218A73B960032D2EA /* Logo@2x.png */,
			);
			path = 01_LoginScreen;
			sourceTree = "<group>";
		};
		4C6163E318A73B960032D2EA /* 02_HomeScreen */ = {
			isa = PBXGroup;
			children = (
				4C6163E418A73B960032D2EA /* BG.png */,
				4C6163E518A73B960032D2EA /* BG@2x.png */,
				4C6163E618A73B960032D2EA /* ChatIcon.png */,
				4C6163E718A73B960032D2EA /* ChatIcon@2x.png */,
				4C6163E818A73B960032D2EA /* DislikeIcon.png */,
				4C6163E918A73B960032D2EA /* DislikeIcon@2x.png */,
				4C6163EA18A73B960032D2EA /* InfoIcon.png */,
				4C6163EB18A73B960032D2EA /* InfoIcon@2x.png */,
				4C6163EC18A73B960032D2EA /* LikeIcon.png */,
				4C6163ED18A73B960032D2EA /* LikeIcon@2x.png */,
				4C6163EE18A73B960032D2EA /* Matched-Up.png */,
				4C6163EF18A73B960032D2EA /* Matched-Up@2x.png */,
				4C6163F018A73B960032D2EA /* SettingIcon.png */,
				4C6163F118A73B960032D2EA /* SettingIcon@2x.png */,
				4C6163F218A73B960032D2EA /* Top_NavBG.png */,
				4C6163F318A73B960032D2EA /* Top_NavBG@2x.png */,
				4C6163F418A73B960032D2EA /* User_Image.png */,
				4C6163F518A73B960032D2EA /* User_Image@2x.png */,
				4C6163F618A73B960032D2EA /* VP_BG.png */,
				4C6163F718A73B960032D2EA /* VP_BG@2x.png */,
			);
			path = 02_HomeScreen;
			sourceTree = "<group>";
		};
		4C6163F818A73B960032D2EA /* 03_Profile */ = {
			isa = PBXGroup;
			children = (
				4C6163F918A73B960032D2EA /* About_BG.png */,
				4C6163FA18A73B960032D2EA /* About_BG@2x.png */,
				4C6163FB18A73B960032D2EA /* AgeIcon.png */,
				4C6163FC18A73B960032D2EA /* AgeIcon@2x.png */,
				4C6163FD18A73B960032D2EA /* BG.png */,
				4C6163FE18A73B960032D2EA /* BG@2x.png */,
				4C6163FF18A73B960032D2EA /* ChatIcon.png */,
				4C61640018A73B960032D2EA /* ChatIcon@2x.png */,
				4C61640118A73B960032D2EA /* DislikeIcon.png */,
				4C61640218A73B960032D2EA /* DislikeIcon@2x.png */,
				4C61640318A73B960032D2EA /* InfoIcon.png */,
				4C61640418A73B960032D2EA /* InfoIcon@2x.png */,
				4C61640518A73B960032D2EA /* LikeIcon.png */,
				4C61640618A73B960032D2EA /* LikeIcon@2x.png */,
				4C61640718A73B960032D2EA /* location.png */,
				4C61640818A73B960032D2EA /* location@2x.png */,
				4C61640918A73B960032D2EA /* NameAgeStatusBar.png */,
				4C61640A18A73B960032D2EA /* NameAgeStatusBar@2x.png */,
				4C61640B18A73B960032D2EA /* SettingIcon.png */,
				4C61640C18A73B960032D2EA /* SettingIcon@2x.png */,
				4C61640D18A73B960032D2EA /* Single.png */,
				4C61640E18A73B960032D2EA /* Single@2x.png */,
				4C61640F18A73B960032D2EA /* StatusIcon.png */,
				4C61641018A73B960032D2EA /* StatusIcon@2x.png */,
				4C61641118A73B960032D2EA /* UserImage.png */,
				4C61641218A73B960032D2EA /* UserImage@2x.png */,
				4C61641318A73B960032D2EA /* VP_BG.png */,
				4C61641418A73B960032D2EA /* VP_BG@2x.png */,
			);
			path = 03_Profile;
			sourceTree = "<group>";
		};
		4C61641518A73B960032D2EA /* 04_ChatList */ = {
			isa = PBXGroup;
			children = (
				4C61641618A73B960032D2EA /* back-icon.png */,
				4C61641718A73B960032D2EA /* back-icon@2x.png */,
				4C61641818A73B960032D2EA /* BG.png */,
				4C61641918A73B960032D2EA /* BG@2x.png */,
				4C61641A18A73B960032D2EA /* Chat_user.png */,
				4C61641B18A73B960032D2EA /* Chat_user@2x.png */,
				4C61641C18A73B960032D2EA /* menu-icon.png */,
				4C61641D18A73B960032D2EA /* menu-icon@2x.png */,
				4C61641E18A73B960032D2EA /* SettingIcon.png */,
				4C61641F18A73B960032D2EA /* SettingIcon@2x.png */,
				4C61642018A73B970032D2EA /* Top_NavBG.png */,
				4C61642118A73B970032D2EA /* Top_NavBG@2x.png */,
			);
			path = 04_ChatList;
			sourceTree = "<group>";
		};
		4C61642218A73B970032D2EA /* 05_ChatWindow */ = {
			isa = PBXGroup;
			children = (
				4C61642318A73B970032D2EA /* back-icon.png */,
				4C61642418A73B970032D2EA /* back-icon@2x.png */,
				4C61642518A73B970032D2EA /* BG.png */,
				4C61642618A73B970032D2EA /* BG@2x.png */,
				4C61642718A73B970032D2EA /* form.png */,
				4C61642818A73B970032D2EA /* form@2x.png */,
				4C61642918A73B970032D2EA /* menu-icon.png */,
				4C61642A18A73B970032D2EA /* menu-icon@2x.png */,
				4C61642B18A73B970032D2EA /* Send_Bar_BG.png */,
				4C61642C18A73B970032D2EA /* Send_Bar_BG@2x.png */,
				4C61642D18A73B970032D2EA /* SettingIcon.png */,
				4C61642E18A73B970032D2EA /* SettingIcon@2x.png */,
				4C61642F18A73B970032D2EA /* Top_NavBG.png */,
				4C61643018A73B970032D2EA /* Top_NavBG@2x.png */,
			);
			path = 05_ChatWindow;
			sourceTree = "<group>";
		};
		4C61643118A73B970032D2EA /* 06_Settings */ = {
			isa = PBXGroup;
			children = (
				4C61643218A73B970032D2EA /* back-icon.png */,
				4C61643318A73B970032D2EA /* back-icon@2x.png */,
				4C61643418A73B970032D2EA /* BG.png */,
				4C61643518A73B970032D2EA /* BG@2x.png */,
				4C61643618A73B970032D2EA /* EditProfile.png */,
				4C61643718A73B970032D2EA /* EditProfile@2x.png */,
				4C61643818A73B970032D2EA /* Logout.png */,
				4C61643918A73B970032D2EA /* Logout@2x.png */,
				4C61643A18A73B970032D2EA /* menu-icon.png */,
				4C61643B18A73B970032D2EA /* menu-icon@2x.png */,
				4C61643C18A73B970032D2EA /* SettingIcon.png */,
				4C61643D18A73B970032D2EA /* SettingIcon@2x.png */,
				4C61643E18A73B970032D2EA /* Top_NavBG.png */,
				4C61643F18A73B970032D2EA /* Top_NavBG@2x.png */,
			);
			path = 06_Settings;
			sourceTree = "<group>";
		};
		4C61644018A73B970032D2EA /* 07_Profile_Edit */ = {
			isa = PBXGroup;
			children = (
				4C61644118A73B970032D2EA /* About_BG.png */,
				4C61644218A73B970032D2EA /* About_BG@2x.png */,
				4C61644318A73B970032D2EA /* back-icon.png */,
				4C61644418A73B970032D2EA /* back-icon@2x.png */,
				4C61644518A73B970032D2EA /* BG.png */,
				4C61644618A73B970032D2EA /* BG@2x.png */,
				4C61644718A73B970032D2EA /* menu-icon.png */,
				4C61644818A73B970032D2EA /* menu-icon@2x.png */,
				4C61644918A73B970032D2EA /* SettingIcon.png */,
				4C61644A18A73B970032D2EA /* SettingIcon@2x.png */,
				4C61644B18A73B970032D2EA /* Top_NavBG.png */,
				4C61644C18A73B970032D2EA /* Top_NavBG@2x.png */,
				4C61644D18A73B970032D2EA /* UserImage.png */,
				4C61644E18A73B970032D2EA /* UserImage@2x.png */,
			);
			path = 07_Profile_Edit;
			sourceTree = "<group>";
		};
		4C61644F18A73B970032D2EA /* 08_Match */ = {
			isa = PBXGroup;
			children = (
				4C61645018A73B970032D2EA /* ChatNow_Icon.png */,
				4C61645118A73B970032D2EA /* ChatNow_Icon@2x.png */,
				4C61645218A73B970032D2EA /* Close-Button.png */,
				4C61645318A73B970032D2EA /* Close-Button@2x.png */,
			);
			path = 08_Match;
			sourceTree = "<group>";
		};
		4C61645418A73B970032D2EA /* _44px_Icon */ = {
			isa = PBXGroup;
			children = (
				4C61645518A73B970032D2EA /* back-icon.png */,
				4C61645618A73B970032D2EA /* back-icon@2x.png */,
				4C61645718A73B970032D2EA /* ChatIcon.png */,
				4C61645818A73B970032D2EA /* ChatIcon@2x.png */,
				4C61645918A73B970032D2EA /* SettingIcon.png */,
				4C61645A18A73B970032D2EA /* SettingIcon@2x.png */,
			);
			path = _44px_Icon;
			sourceTree = "<group>";
		};
		4C61645B18A73B970032D2EA /* appicon */ = {
			isa = PBXGroup;
			children = (
				4C61645C18A73B970032D2EA /* _Source */,
				4C61645E18A73B970032D2EA /* ios */,
				4C61646918A73B970032D2EA /* ios7 */,
			);
			path = appicon;
			sourceTree = "<group>";
		};
		4C61645C18A73B970032D2EA /* _Source */ = {
			isa = PBXGroup;
			children = (
				4C61645D18A73B970032D2EA /* 1024_icon-1-01.png */,
			);
			path = _Source;
			sourceTree = "<group>";
		};
		4C61645E18A73B970032D2EA /* ios */ = {
			isa = PBXGroup;
			children = (
				4C61645F18A73B970032D2EA /* Icon-72.png */,
				4C61646018A73B970032D2EA /* Icon-72@2x.png */,
				4C61646118A73B970032D2EA /* Icon-Small-50.png */,
				4C61646218A73B970032D2EA /* Icon-Small-50@2x.png */,
				4C61646318A73B970032D2EA /* Icon-Small.png */,
				4C61646418A73B970032D2EA /* Icon-Small@2x.png */,
				4C61646518A73B970032D2EA /* Icon.png */,
				4C61646618A73B970032D2EA /* Icon@2x.png */,
				4C61646718A73B970032D2EA /* iTunesArtwork.png */,
				4C61646818A73B970032D2EA /* iTunesArtwork@2x.png */,
			);
			path = ios;
			sourceTree = "<group>";
		};
		4C61646918A73B970032D2EA /* ios7 */ = {
			isa = PBXGroup;
			children = (
				4C61646A18A73B970032D2EA /* Icon-40.png */,
				4C61646B18A73B970032D2EA /* Icon-40@2x.png */,
				4C61646C18A73B970032D2EA /* Icon-60.png */,
				4C61646D18A73B970032D2EA /* Icon-60@2x.png */,
				4C61646E18A73B970032D2EA /* Icon-72.png */,
				4C61646F18A73B970032D2EA /* Icon-72@2x.png */,
				4C61647018A73B970032D2EA /* Icon-76.png */,
				4C61647118A73B970032D2EA /* Icon-76@2x.png */,
				4C61647218A73B970032D2EA /* Icon-Small-50.png */,
				4C61647318A73B970032D2EA /* Icon-Small-50@2x.png */,
				4C61647418A73B970032D2EA /* Icon-Small.png */,
				4C61647518A73B970032D2EA /* Icon-Small@2x.png */,
				4C61647618A73B970032D2EA /* Icon.png */,
				4C61647718A73B970032D2EA /* Icon@2x.png */,
				4C61647818A73B970032D2EA /* iTunesArtwork.png */,
				4C61647918A73B970032D2EA /* iTunesArtwork@2x.png */,
			);
			path = ios7;
			sourceTree = "<group>";
		};
		4CF983591874C6BF00FCBDEB = {
			isa = PBXGroup;
			children = (
				4CF9836B1874C6BF00FCBDEB /* MatchedUp */,
				4CF9838D1874C6BF00FCBDEB /* MatchedUpTests */,
				4CF983641874C6BF00FCBDEB /* Frameworks */,
				4CF983631874C6BF00FCBDEB /* Products */,
				6B1299C3A5464D97ADAE2D9A /* Pods.xcconfig */,
			);
			sourceTree = "<group>";
		};
		4CF983631874C6BF00FCBDEB /* Products */ = {
			isa = PBXGroup;
			children = (
				4CF983621874C6BF00FCBDEB /* MatchedUp.app */,
				4CF983861874C6BF00FCBDEB /* MatchedUpTests.xctest */,
			);
			name = Products;
			sourceTree = "<group>";
		};
		4CF983641874C6BF00FCBDEB /* Frameworks */ = {
			isa = PBXGroup;
			children = (
				4CF983651874C6BF00FCBDEB /* Foundation.framework */,
				4CF983671874C6BF00FCBDEB /* CoreGraphics.framework */,
				4CF983691874C6BF00FCBDEB /* UIKit.framework */,
				4CF983871874C6BF00FCBDEB /* XCTest.framework */,
				C29857DCA713471B8B71A948 /* libPods.a */,
			);
			name = Frameworks;
			sourceTree = "<group>";
		};
		4CF9836B1874C6BF00FCBDEB /* MatchedUp */ = {
			isa = PBXGroup;
			children = (
				4C52AE5E187E70B6004C6737 /* Home */,
				4C52AE6A1880E324004C6737 /* Profile */,
				4C058B86188E4CA50053A295 /* Match */,
				4C058B8A188E4EA40053A295 /* Matches */,
				4C058B92188F9F3F0053A295 /* Chat */,
				4C52AE66187E7944004C6737 /* EditProfile */,
				4C52AE62187E75AB004C6737 /* Settings */,
				4CF983A11874C78200FCBDEB /* Login */,
				4CF983741874C6BF00FCBDEB /* ETAppDelegate.h */,
				4CF983751874C6BF00FCBDEB /* ETAppDelegate.m */,
				4CF983771874C6BF00FCBDEB /* Main.storyboard */,
				4C13A574188C2DEE00059687 /* Create  Test User */,
				4CF983801874C6BF00FCBDEB /* Images.xcassets */,
				4CF9836C1874C6BF00FCBDEB /* Supporting Files */,
			);
			path = MatchedUp;
			sourceTree = "<group>";
		};
		4CF9836C1874C6BF00FCBDEB /* Supporting Files */ = {
			isa = PBXGroup;
			children = (
				4C6163D718A73B960032D2EA /* Matched_Up_assets */,
				4C058BED1894BB330053A295 /* timer.png */,
				4CF9836D1874C6BF00FCBDEB /* MatchedUp-Info.plist */,
				4CF9836E1874C6BF00FCBDEB /* InfoPlist.strings */,
				4CF983711874C6BF00FCBDEB /* main.m */,
				4CF983731874C6BF00FCBDEB /* MatchedUp-Prefix.pch */,
				4C52AE5B187D17EC004C6737 /* ETFBConstants.h */,
				4C52AE5C187D17EC004C6737 /* ETFBConstants.m */,
			);
			name = "Supporting Files";
			sourceTree = "<group>";
		};
		4CF9838D1874C6BF00FCBDEB /* MatchedUpTests */ = {
			isa = PBXGroup;
			children = (
				4CF983931874C6BF00FCBDEB /* MatchedUpTests.m */,
				4CF9838E1874C6BF00FCBDEB /* Supporting Files */,
			);
			path = MatchedUpTests;
			sourceTree = "<group>";
		};
		4CF9838E1874C6BF00FCBDEB /* Supporting Files */ = {
			isa = PBXGroup;
			children = (
				4CF9838F1874C6BF00FCBDEB /* MatchedUpTests-Info.plist */,
				4CF983901874C6BF00FCBDEB /* InfoPlist.strings */,
			);
			name = "Supporting Files";
			sourceTree = "<group>";
		};
		4CF983A11874C78200FCBDEB /* Login */ = {
			isa = PBXGroup;
			children = (
				4CF9839D1874C76600FCBDEB /* ETLoginViewController.h */,
				4CF9839E1874C76600FCBDEB /* ETLoginViewController.m */,
			);
			name = Login;
			sourceTree = "<group>";
		};
/* End PBXGroup section */

/* Begin PBXNativeTarget section */
		4CF983611874C6BF00FCBDEB /* MatchedUp */ = {
			isa = PBXNativeTarget;
			buildConfigurationList = 4CF983971874C6BF00FCBDEB /* Build configuration list for PBXNativeTarget "MatchedUp" */;
			buildPhases = (
				557DFA35C31B450CB621668E /* Check Pods Manifest.lock */,
				4CF9835E1874C6BF00FCBDEB /* Sources */,
				4CF9835F1874C6BF00FCBDEB /* Frameworks */,
				4CF983601874C6BF00FCBDEB /* Resources */,
				1DF5B81465174190983DD855 /* Copy Pods Resources */,
			);
			buildRules = (
			);
			dependencies = (
			);
			name = MatchedUp;
			productName = MatchedUp;
			productReference = 4CF983621874C6BF00FCBDEB /* MatchedUp.app */;
			productType = "com.apple.product-type.application";
		};
		4CF983851874C6BF00FCBDEB /* MatchedUpTests */ = {
			isa = PBXNativeTarget;
			buildConfigurationList = 4CF9839A1874C6BF00FCBDEB /* Build configuration list for PBXNativeTarget "MatchedUpTests" */;
			buildPhases = (
				4CF983821874C6BF00FCBDEB /* Sources */,
				4CF983831874C6BF00FCBDEB /* Frameworks */,
				4CF983841874C6BF00FCBDEB /* Resources */,
			);
			buildRules = (
			);
			dependencies = (
				4CF9838C1874C6BF00FCBDEB /* PBXTargetDependency */,
			);
			name = MatchedUpTests;
			productName = MatchedUpTests;
			productReference = 4CF983861874C6BF00FCBDEB /* MatchedUpTests.xctest */;
			productType = "com.apple.product-type.bundle.unit-test";
		};
/* End PBXNativeTarget section */

/* Begin PBXProject section */
		4CF9835A1874C6BF00FCBDEB /* Project object */ = {
			isa = PBXProject;
			attributes = {
				CLASSPREFIX = ET;
				LastUpgradeCheck = 0500;
				ORGANIZATIONNAME = "Eighty Twenty";
				TargetAttributes = {
					4CF983851874C6BF00FCBDEB = {
						TestTargetID = 4CF983611874C6BF00FCBDEB;
					};
				};
			};
			buildConfigurationList = 4CF9835D1874C6BF00FCBDEB /* Build configuration list for PBXProject "MatchedUp" */;
			compatibilityVersion = "Xcode 3.2";
			developmentRegion = English;
			hasScannedForEncodings = 0;
			knownRegions = (
				en,
				Base,
			);
			mainGroup = 4CF983591874C6BF00FCBDEB;
			productRefGroup = 4CF983631874C6BF00FCBDEB /* Products */;
			projectDirPath = "";
			projectRoot = "";
			targets = (
				4CF983611874C6BF00FCBDEB /* MatchedUp */,
				4CF983851874C6BF00FCBDEB /* MatchedUpTests */,
			);
		};
/* End PBXProject section */

/* Begin PBXResourcesBuildPhase section */
		4CF983601874C6BF00FCBDEB /* Resources */ = {
			isa = PBXResourcesBuildPhase;
			buildActionMask = 2147483647;
			files = (
				4C13A579188C2E3600059687 /* cat2.jpeg in Resources */,
				4C6164D718A73B970032D2EA /* SettingIcon.png in Resources */,
				4C6164EB18A73B970032D2EA /* Close-Button.png in Resources */,
				4C6164A218A73B970032D2EA /* InfoIcon@2x.png in Resources */,
				4C61650018A73B970032D2EA /* Icon-60.png in Resources */,
				4C6164F818A73B970032D2EA /* Icon-Small.png in Resources */,
				4C6164A918A73B970032D2EA /* SettingIcon.png in Resources */,
				4C6164A318A73B970032D2EA /* LikeIcon.png in Resources */,
				4C6164D318A73B970032D2EA /* Logout.png in Resources */,
				4C6164E418A73B970032D2EA /* SettingIcon@2x.png in Resources */,
				4C6164B718A73B970032D2EA /* Chat_user.png in Resources */,
				4C6164B918A73B970032D2EA /* menu-icon.png in Resources */,
				4C6164E218A73B970032D2EA /* menu-icon@2x.png in Resources */,
				4C6164D218A73B970032D2EA /* EditProfile@2x.png in Resources */,
				4C6164B318A73B970032D2EA /* back-icon.png in Resources */,
				4C61650118A73B970032D2EA /* Icon-60@2x.png in Resources */,
				4C61650918A73B970032D2EA /* Icon-Small@2x.png in Resources */,
				4C6164BB18A73B970032D2EA /* SettingIcon.png in Resources */,
				4C6164C618A73B970032D2EA /* menu-icon@2x.png in Resources */,
				4C61649B18A73B970032D2EA /* BG.png in Resources */,
				4C6164BE18A73B970032D2EA /* Top_NavBG@2x.png in Resources */,
				4C6164C418A73B970032D2EA /* form@2x.png in Resources */,
				4C6164AD18A73B970032D2EA /* StatusIcon.png in Resources */,
				4C61650718A73B970032D2EA /* Icon-Small-50@2x.png in Resources */,
				4C61649318A73B970032D2EA /* User_Image.png in Resources */,
				4C6164D418A73B970032D2EA /* Logout@2x.png in Resources */,
				4C6164EC18A73B970032D2EA /* Close-Button@2x.png in Resources */,
				4C6164D818A73B970032D2EA /* SettingIcon@2x.png in Resources */,
				4C6164FE18A73B970032D2EA /* Icon-40.png in Resources */,
				4C6164AA18A73B970032D2EA /* SettingIcon@2x.png in Resources */,
				4C6164B518A73B970032D2EA /* BG.png in Resources */,
				4C61650218A73B970032D2EA /* Icon-72.png in Resources */,
				4C61649918A73B970032D2EA /* AgeIcon.png in Resources */,
				4C6164CF18A73B970032D2EA /* BG.png in Resources */,
				4C6164CD18A73B970032D2EA /* back-icon.png in Resources */,
				4C6164D518A73B970032D2EA /* menu-icon.png in Resources */,
				4C6164DC18A73B970032D2EA /* About_BG@2x.png in Resources */,
				4C6164A418A73B970032D2EA /* LikeIcon@2x.png in Resources */,
				4C61648A18A73B970032D2EA /* InfoIcon@2x.png in Resources */,
				4C61649618A73B970032D2EA /* VP_BG@2x.png in Resources */,
				4C6164BD18A73B970032D2EA /* Top_NavBG.png in Resources */,
				4C61650418A73B970032D2EA /* Icon-76.png in Resources */,
				4C61649118A73B970032D2EA /* Top_NavBG.png in Resources */,
				4C13A578188C2E3600059687 /* cat.jpeg in Resources */,
				4C61648918A73B970032D2EA /* InfoIcon.png in Resources */,
				4C6164F018A73B970032D2EA /* ChatIcon@2x.png in Resources */,
				4C61650D18A73B970032D2EA /* iTunesArtwork@2x.png in Resources */,
				4C6164AE18A73B970032D2EA /* StatusIcon@2x.png in Resources */,
				4C61648D18A73B970032D2EA /* Matched-Up.png in Resources */,
				4C61650E18A73B970032D2EA /* Matched_Up_DesignV3_red.pdf in Resources */,
				4C6164D618A73B970032D2EA /* menu-icon@2x.png in Resources */,
				4C6164DD18A73B970032D2EA /* back-icon.png in Resources */,
				4CF983811874C6BF00FCBDEB /* Images.xcassets in Resources */,
				4C61648E18A73B970032D2EA /* Matched-Up@2x.png in Resources */,
				4C61648F18A73B970032D2EA /* SettingIcon.png in Resources */,
				4CF983701874C6BF00FCBDEB /* InfoPlist.strings in Resources */,
				4C13A57A188C2E3600059687 /* cat3.jpg in Resources */,
				4C61649D18A73B970032D2EA /* ChatIcon.png in Resources */,
				4C61649818A73B970032D2EA /* About_BG@2x.png in Resources */,
				4C61648618A73B970032D2EA /* ChatIcon@2x.png in Resources */,
				4C6164C018A73B970032D2EA /* back-icon@2x.png in Resources */,
				4C6164CE18A73B970032D2EA /* back-icon@2x.png in Resources */,
				4C6164E018A73B970032D2EA /* BG@2x.png in Resources */,
				4C6164EE18A73B970032D2EA /* back-icon@2x.png in Resources */,
				4C6164B618A73B970032D2EA /* BG@2x.png in Resources */,
				4C6164B418A73B970032D2EA /* back-icon@2x.png in Resources */,
				4C61650B18A73B970032D2EA /* Icon@2x.png in Resources */,
				4C61649418A73B970032D2EA /* User_Image@2x.png in Resources */,
				4C6164F618A73B970032D2EA /* Icon-Small-50.png in Resources */,
				4C6164DB18A73B970032D2EA /* About_BG.png in Resources */,
				4C6164CA18A73B970032D2EA /* SettingIcon@2x.png in Resources */,
				4C61649A18A73B970032D2EA /* AgeIcon@2x.png in Resources */,
				4C61650518A73B970032D2EA /* Icon-76@2x.png in Resources */,
				4C6164FD18A73B970032D2EA /* iTunesArtwork@2x.png in Resources */,
				4C6164DF18A73B970032D2EA /* BG.png in Resources */,
				4C6164F418A73B970032D2EA /* Icon-72.png in Resources */,
				4C61648C18A73B970032D2EA /* LikeIcon@2x.png in Resources */,
				4C61649218A73B970032D2EA /* Top_NavBG@2x.png in Resources */,
				4C6164F718A73B970032D2EA /* Icon-Small-50@2x.png in Resources */,
				4C61648718A73B970032D2EA /* DislikeIcon.png in Resources */,
				4C6164FA18A73B970032D2EA /* Icon.png in Resources */,
				4C6164EA18A73B970032D2EA /* ChatNow_Icon@2x.png in Resources */,
				4C6164F318A73B970032D2EA /* 1024_icon-1-01.png in Resources */,
				4C6164DE18A73B970032D2EA /* back-icon@2x.png in Resources */,
				4C61650318A73B970032D2EA /* Icon-72@2x.png in Resources */,
				4C61648418A73B970032D2EA /* BG@2x.png in Resources */,
				4C61648B18A73B970032D2EA /* LikeIcon.png in Resources */,
				4C6164A518A73B970032D2EA /* location.png in Resources */,
				4C6164E318A73B970032D2EA /* SettingIcon.png in Resources */,
				4C6164E618A73B970032D2EA /* Top_NavBG@2x.png in Resources */,
				4C61648318A73B970032D2EA /* BG.png in Resources */,
				4C6164FC18A73B970032D2EA /* iTunesArtwork.png in Resources */,
				4C61647D18A73B970032D2EA /* BG.png in Resources */,
				4C6164E118A73B970032D2EA /* menu-icon.png in Resources */,
				4C6164C818A73B970032D2EA /* Send_Bar_BG@2x.png in Resources */,
				4C6164A718A73B970032D2EA /* NameAgeStatusBar.png in Resources */,
				4C61650C18A73B970032D2EA /* iTunesArtwork.png in Resources */,
				4C6164AB18A73B970032D2EA /* Single.png in Resources */,
				4C6164C218A73B970032D2EA /* BG@2x.png in Resources */,
				4C6164F118A73B970032D2EA /* SettingIcon.png in Resources */,
				4C6164A018A73B970032D2EA /* DislikeIcon@2x.png in Resources */,
				4C6164FB18A73B970032D2EA /* Icon@2x.png in Resources */,
				4C61647B18A73B970032D2EA /* BG.png in Resources */,
				4C61650618A73B970032D2EA /* Icon-Small-50.png in Resources */,
				4C6164AF18A73B970032D2EA /* UserImage.png in Resources */,
				4C61649018A73B970032D2EA /* SettingIcon@2x.png in Resources */,
				4C6163D618A731EA0032D2EA /* defaultPrefsFile.plist in Resources */,
				4C61647C18A73B970032D2EA /* BG@2x.png in Resources */,
				4C61648818A73B970032D2EA /* DislikeIcon@2x.png in Resources */,
				4C6164F218A73B970032D2EA /* SettingIcon@2x.png in Resources */,
				4C6164C518A73B970032D2EA /* menu-icon.png in Resources */,
				4C6164F918A73B970032D2EA /* Icon-Small@2x.png in Resources */,
				4C61649518A73B970032D2EA /* VP_BG.png in Resources */,
				4C6164CB18A73B970032D2EA /* Top_NavBG.png in Resources */,
				4C6164C318A73B970032D2EA /* form.png in Resources */,
				4C6164C118A73B970032D2EA /* BG.png in Resources */,
				4C6164A818A73B970032D2EA /* NameAgeStatusBar@2x.png in Resources */,
				4C6164ED18A73B970032D2EA /* back-icon.png in Resources */,
				4C61649F18A73B970032D2EA /* DislikeIcon.png in Resources */,
				4C6164D018A73B970032D2EA /* BG@2x.png in Resources */,
				4C61648218A73B970032D2EA /* Logo@2x.png in Resources */,
				4C6164C918A73B970032D2EA /* SettingIcon.png in Resources */,
				4C6164A118A73B970032D2EA /* InfoIcon.png in Resources */,
				4C6164B018A73B970032D2EA /* UserImage@2x.png in Resources */,
				4C6164C718A73B970032D2EA /* Send_Bar_BG.png in Resources */,
				4C6164E518A73B970032D2EA /* Top_NavBG.png in Resources */,
				4C6164BA18A73B970032D2EA /* menu-icon@2x.png in Resources */,
				4C6164D118A73B970032D2EA /* EditProfile.png in Resources */,
				4C61650A18A73B970032D2EA /* Icon.png in Resources */,
				4C6164AC18A73B970032D2EA /* Single@2x.png in Resources */,
				4C6164A618A73B970032D2EA /* location@2x.png in Resources */,
				4C6164F518A73B970032D2EA /* Icon-72@2x.png in Resources */,
				4C6164D918A73B970032D2EA /* Top_NavBG.png in Resources */,
				4C6164BC18A73B970032D2EA /* SettingIcon@2x.png in Resources */,
				4C61650818A73B970032D2EA /* Icon-Small.png in Resources */,
				4C6164FF18A73B970032D2EA /* Icon-40@2x.png in Resources */,
				4C6164B818A73B970032D2EA /* Chat_user@2x.png in Resources */,
				4C6164EF18A73B970032D2EA /* ChatIcon.png in Resources */,
				4C058BEE1894BB330053A295 /* timer.png in Resources */,
				4C61648018A73B970032D2EA /* Facebook@2x.png in Resources */,
				4C6164BF18A73B970032D2EA /* back-icon.png in Resources */,
				4C6164B118A73B970032D2EA /* VP_BG.png in Resources */,
				4C6164B218A73B970032D2EA /* VP_BG@2x.png in Resources */,
				4C6164CC18A73B970032D2EA /* Top_NavBG@2x.png in Resources */,
				4C61647F18A73B970032D2EA /* Facebook.png in Resources */,
				4C61649718A73B970032D2EA /* About_BG.png in Resources */,
				4C61648118A73B970032D2EA /* Logo.png in Resources */,
				4CF983791874C6BF00FCBDEB /* Main.storyboard in Resources */,
				4C61647E18A73B970032D2EA /* BG@2x.png in Resources */,
				4C61649E18A73B970032D2EA /* ChatIcon@2x.png in Resources */,
				4C6164DA18A73B970032D2EA /* Top_NavBG@2x.png in Resources */,
				4C61648518A73B970032D2EA /* ChatIcon.png in Resources */,
				4C6164E818A73B970032D2EA /* UserImage@2x.png in Resources */,
				4C61649C18A73B970032D2EA /* BG@2x.png in Resources */,
				4C6164E918A73B970032D2EA /* ChatNow_Icon.png in Resources */,
				4C6164E718A73B970032D2EA /* UserImage.png in Resources */,
			);
			runOnlyForDeploymentPostprocessing = 0;
		};
		4CF983841874C6BF00FCBDEB /* Resources */ = {
			isa = PBXResourcesBuildPhase;
			buildActionMask = 2147483647;
			files = (
				4CF983921874C6BF00FCBDEB /* InfoPlist.strings in Resources */,
			);
			runOnlyForDeploymentPostprocessing = 0;
		};
/* End PBXResourcesBuildPhase section */

/* Begin PBXShellScriptBuildPhase section */
		1DF5B81465174190983DD855 /* Copy Pods Resources */ = {
			isa = PBXShellScriptBuildPhase;
			buildActionMask = 2147483647;
			files = (
			);
			inputPaths = (
			);
			name = "Copy Pods Resources";
			outputPaths = (
			);
			runOnlyForDeploymentPostprocessing = 0;
			shellPath = /bin/sh;
			shellScript = "\"${SRCROOT}/Pods/Pods-resources.sh\"\n";
			showEnvVarsInLog = 0;
		};
		557DFA35C31B450CB621668E /* Check Pods Manifest.lock */ = {
			isa = PBXShellScriptBuildPhase;
			buildActionMask = 2147483647;
			files = (
			);
			inputPaths = (
			);
			name = "Check Pods Manifest.lock";
			outputPaths = (
			);
			runOnlyForDeploymentPostprocessing = 0;
			shellPath = /bin/sh;
			shellScript = "diff \"${PODS_ROOT}/../Podfile.lock\" \"${PODS_ROOT}/Manifest.lock\" > /dev/null\nif [[ $? != 0 ]] ; then\n    cat << EOM\nerror: The sandbox is not in sync with the Podfile.lock. Run 'pod install' or update your CocoaPods installation.\nEOM\n    exit 1\nfi\n";
			showEnvVarsInLog = 0;
		};
/* End PBXShellScriptBuildPhase section */

/* Begin PBXSourcesBuildPhase section */
		4CF9835E1874C6BF00FCBDEB /* Sources */ = {
			isa = PBXSourcesBuildPhase;
			buildActionMask = 2147483647;
			files = (
				4C5E72FF18ADE4FE004E5581 /* ETTransitionAnimator.m in Sources */,
				4C058B8D188E4EBB0053A295 /* ETMatchesViewController.m in Sources */,
				4C058B91188F9EFF0053A295 /* ETChatViewController.m in Sources */,
				4C52AE61187E70E6004C6737 /* ETHomeViewController.m in Sources */,
				4C52AE5D187D17EC004C6737 /* ETFBConstants.m in Sources */,
				4C52AE69187E795C004C6737 /* ETEditProfileViewController.m in Sources */,
				4C058B89188E4CC50053A295 /* ETMatchViewController.m in Sources */,
				4C52AE65187E75BF004C6737 /* ETSettingsViewController.m in Sources */,
				4CF983721874C6BF00FCBDEB /* main.m in Sources */,
				4C13A572188B958900059687 /* ETTestUser.m in Sources */,
				4C52AE6D1880E341004C6737 /* ETProfileViewController.m in Sources */,
				4CF983761874C6BF00FCBDEB /* ETAppDelegate.m in Sources */,
				4CF9839F1874C76600FCBDEB /* ETLoginViewController.m in Sources */,
			);
			runOnlyForDeploymentPostprocessing = 0;
		};
		4CF983821874C6BF00FCBDEB /* Sources */ = {
			isa = PBXSourcesBuildPhase;
			buildActionMask = 2147483647;
			files = (
				4CF983941874C6BF00FCBDEB /* MatchedUpTests.m in Sources */,
			);
			runOnlyForDeploymentPostprocessing = 0;
		};
/* End PBXSourcesBuildPhase section */

/* Begin PBXTargetDependency section */
		4CF9838C1874C6BF00FCBDEB /* PBXTargetDependency */ = {
			isa = PBXTargetDependency;
			target = 4CF983611874C6BF00FCBDEB /* MatchedUp */;
			targetProxy = 4CF9838B1874C6BF00FCBDEB /* PBXContainerItemProxy */;
		};
/* End PBXTargetDependency section */

/* Begin PBXVariantGroup section */
		4CF9836E1874C6BF00FCBDEB /* InfoPlist.strings */ = {
			isa = PBXVariantGroup;
			children = (
				4CF9836F1874C6BF00FCBDEB /* en */,
			);
			name = InfoPlist.strings;
			sourceTree = "<group>";
		};
		4CF983771874C6BF00FCBDEB /* Main.storyboard */ = {
			isa = PBXVariantGroup;
			children = (
				4CF983781874C6BF00FCBDEB /* Base */,
			);
			name = Main.storyboard;
			sourceTree = "<group>";
		};
		4CF983901874C6BF00FCBDEB /* InfoPlist.strings */ = {
			isa = PBXVariantGroup;
			children = (
				4CF983911874C6BF00FCBDEB /* en */,
			);
			name = InfoPlist.strings;
			sourceTree = "<group>";
		};
/* End PBXVariantGroup section */

/* Begin XCBuildConfiguration section */
		4CF983951874C6BF00FCBDEB /* Debug */ = {
			isa = XCBuildConfiguration;
			buildSettings = {
				ALWAYS_SEARCH_USER_PATHS = NO;
				ARCHS = "$(ARCHS_STANDARD_INCLUDING_64_BIT)";
				CLANG_CXX_LANGUAGE_STANDARD = "gnu++0x";
				CLANG_CXX_LIBRARY = "libc++";
				CLANG_ENABLE_MODULES = YES;
				CLANG_ENABLE_OBJC_ARC = YES;
				CLANG_WARN_BOOL_CONVERSION = YES;
				CLANG_WARN_CONSTANT_CONVERSION = YES;
				CLANG_WARN_DIRECT_OBJC_ISA_USAGE = YES_ERROR;
				CLANG_WARN_EMPTY_BODY = YES;
				CLANG_WARN_ENUM_CONVERSION = YES;
				CLANG_WARN_INT_CONVERSION = YES;
				CLANG_WARN_OBJC_ROOT_CLASS = YES_ERROR;
				CLANG_WARN__DUPLICATE_METHOD_MATCH = YES;
				"CODE_SIGN_IDENTITY[sdk=iphoneos*]" = "iPhone Developer";
				COPY_PHASE_STRIP = NO;
				GCC_C_LANGUAGE_STANDARD = gnu99;
				GCC_DYNAMIC_NO_PIC = NO;
				GCC_OPTIMIZATION_LEVEL = 0;
				GCC_PREPROCESSOR_DEFINITIONS = (
					"DEBUG=1",
					"$(inherited)",
				);
				GCC_SYMBOLS_PRIVATE_EXTERN = NO;
				GCC_WARN_64_TO_32_BIT_CONVERSION = YES;
				GCC_WARN_ABOUT_RETURN_TYPE = YES_ERROR;
				GCC_WARN_UNDECLARED_SELECTOR = YES;
				GCC_WARN_UNINITIALIZED_AUTOS = YES;
				GCC_WARN_UNUSED_FUNCTION = YES;
				GCC_WARN_UNUSED_VARIABLE = YES;
				IPHONEOS_DEPLOYMENT_TARGET = 7.0;
				ONLY_ACTIVE_ARCH = YES;
				SDKROOT = iphoneos;
			};
			name = Debug;
		};
		4CF983961874C6BF00FCBDEB /* Release */ = {
			isa = XCBuildConfiguration;
			buildSettings = {
				ALWAYS_SEARCH_USER_PATHS = NO;
				ARCHS = "$(ARCHS_STANDARD_INCLUDING_64_BIT)";
				CLANG_CXX_LANGUAGE_STANDARD = "gnu++0x";
				CLANG_CXX_LIBRARY = "libc++";
				CLANG_ENABLE_MODULES = YES;
				CLANG_ENABLE_OBJC_ARC = YES;
				CLANG_WARN_BOOL_CONVERSION = YES;
				CLANG_WARN_CONSTANT_CONVERSION = YES;
				CLANG_WARN_DIRECT_OBJC_ISA_USAGE = YES_ERROR;
				CLANG_WARN_EMPTY_BODY = YES;
				CLANG_WARN_ENUM_CONVERSION = YES;
				CLANG_WARN_INT_CONVERSION = YES;
				CLANG_WARN_OBJC_ROOT_CLASS = YES_ERROR;
				CLANG_WARN__DUPLICATE_METHOD_MATCH = YES;
				"CODE_SIGN_IDENTITY[sdk=iphoneos*]" = "iPhone Developer";
				COPY_PHASE_STRIP = YES;
				ENABLE_NS_ASSERTIONS = NO;
				GCC_C_LANGUAGE_STANDARD = gnu99;
				GCC_WARN_64_TO_32_BIT_CONVERSION = YES;
				GCC_WARN_ABOUT_RETURN_TYPE = YES_ERROR;
				GCC_WARN_UNDECLARED_SELECTOR = YES;
				GCC_WARN_UNINITIALIZED_AUTOS = YES;
				GCC_WARN_UNUSED_FUNCTION = YES;
				GCC_WARN_UNUSED_VARIABLE = YES;
				IPHONEOS_DEPLOYMENT_TARGET = 7.0;
				SDKROOT = iphoneos;
				VALIDATE_PRODUCT = YES;
			};
			name = Release;
		};
		4CF983981874C6BF00FCBDEB /* Debug */ = {
			isa = XCBuildConfiguration;
			baseConfigurationReference = 6B1299C3A5464D97ADAE2D9A /* Pods.xcconfig */;
			buildSettings = {
				ASSETCATALOG_COMPILER_APPICON_NAME = AppIcon;
				ASSETCATALOG_COMPILER_LAUNCHIMAGE_NAME = LaunchImage;
				GCC_PRECOMPILE_PREFIX_HEADER = YES;
				GCC_PREFIX_HEADER = "MatchedUp/MatchedUp-Prefix.pch";
				INFOPLIST_FILE = "MatchedUp/MatchedUp-Info.plist";
				PRODUCT_NAME = "$(TARGET_NAME)";
				WRAPPER_EXTENSION = app;
			};
			name = Debug;
		};
		4CF983991874C6BF00FCBDEB /* Release */ = {
			isa = XCBuildConfiguration;
			baseConfigurationReference = 6B1299C3A5464D97ADAE2D9A /* Pods.xcconfig */;
			buildSettings = {
				ASSETCATALOG_COMPILER_APPICON_NAME = AppIcon;
				ASSETCATALOG_COMPILER_LAUNCHIMAGE_NAME = LaunchImage;
				GCC_PRECOMPILE_PREFIX_HEADER = YES;
				GCC_PREFIX_HEADER = "MatchedUp/MatchedUp-Prefix.pch";
				INFOPLIST_FILE = "MatchedUp/MatchedUp-Info.plist";
				PRODUCT_NAME = "$(TARGET_NAME)";
				WRAPPER_EXTENSION = app;
			};
			name = Release;
		};
		4CF9839B1874C6BF00FCBDEB /* Debug */ = {
			isa = XCBuildConfiguration;
			buildSettings = {
				ARCHS = "$(ARCHS_STANDARD_INCLUDING_64_BIT)";
				BUNDLE_LOADER = "$(BUILT_PRODUCTS_DIR)/MatchedUp.app/MatchedUp";
				FRAMEWORK_SEARCH_PATHS = (
					"$(SDKROOT)/Developer/Library/Frameworks",
					"$(inherited)",
					"$(DEVELOPER_FRAMEWORKS_DIR)",
				);
				GCC_PRECOMPILE_PREFIX_HEADER = YES;
				GCC_PREFIX_HEADER = "MatchedUp/MatchedUp-Prefix.pch";
				GCC_PREPROCESSOR_DEFINITIONS = (
					"DEBUG=1",
					"$(inherited)",
				);
				INFOPLIST_FILE = "MatchedUpTests/MatchedUpTests-Info.plist";
				PRODUCT_NAME = "$(TARGET_NAME)";
				TEST_HOST = "$(BUNDLE_LOADER)";
				WRAPPER_EXTENSION = xctest;
			};
			name = Debug;
		};
		4CF9839C1874C6BF00FCBDEB /* Release */ = {
			isa = XCBuildConfiguration;
			buildSettings = {
				ARCHS = "$(ARCHS_STANDARD_INCLUDING_64_BIT)";
				BUNDLE_LOADER = "$(BUILT_PRODUCTS_DIR)/MatchedUp.app/MatchedUp";
				FRAMEWORK_SEARCH_PATHS = (
					"$(SDKROOT)/Developer/Library/Frameworks",
					"$(inherited)",
					"$(DEVELOPER_FRAMEWORKS_DIR)",
				);
				GCC_PRECOMPILE_PREFIX_HEADER = YES;
				GCC_PREFIX_HEADER = "MatchedUp/MatchedUp-Prefix.pch";
				INFOPLIST_FILE = "MatchedUpTests/MatchedUpTests-Info.plist";
				PRODUCT_NAME = "$(TARGET_NAME)";
				TEST_HOST = "$(BUNDLE_LOADER)";
				WRAPPER_EXTENSION = xctest;
			};
			name = Release;
		};
/* End XCBuildConfiguration section */

/* Begin XCConfigurationList section */
		4CF9835D1874C6BF00FCBDEB /* Build configuration list for PBXProject "MatchedUp" */ = {
			isa = XCConfigurationList;
			buildConfigurations = (
				4CF983951874C6BF00FCBDEB /* Debug */,
				4CF983961874C6BF00FCBDEB /* Release */,
			);
			defaultConfigurationIsVisible = 0;
			defaultConfigurationName = Release;
		};
		4CF983971874C6BF00FCBDEB /* Build configuration list for PBXNativeTarget "MatchedUp" */ = {
			isa = XCConfigurationList;
			buildConfigurations = (
				4CF983981874C6BF00FCBDEB /* Debug */,
				4CF983991874C6BF00FCBDEB /* Release */,
			);
			defaultConfigurationIsVisible = 0;
			defaultConfigurationName = Release;
		};
		4CF9839A1874C6BF00FCBDEB /* Build configuration list for PBXNativeTarget "MatchedUpTests" */ = {
			isa = XCConfigurationList;
			buildConfigurations = (
				4CF9839B1874C6BF00FCBDEB /* Debug */,
				4CF9839C1874C6BF00FCBDEB /* Release */,
			);
			defaultConfigurationIsVisible = 0;
			defaultConfigurationName = Release;
		};
/* End XCConfigurationList section */
	};
	rootObject = 4CF9835A1874C6BF00FCBDEB /* Project object */;
}
